// !$*UTF8*$!
{
	archiveVersion = 1;
	classes = {
	};
	objectVersion = 51;
	objects = {

/* Begin PBXBuildFile section */
		0B0A33F6237E792200C1C7F3 /* AppDelegate.swift in Sources */ = {isa = PBXBuildFile; fileRef = 0B0A33F5237E792200C1C7F3 /* AppDelegate.swift */; };
		0B0A33FA237E792200C1C7F3 /* ViewController.swift in Sources */ = {isa = PBXBuildFile; fileRef = 0B0A33F9237E792200C1C7F3 /* ViewController.swift */; };
		0B0A33FD237E792200C1C7F3 /* Main.storyboard in Resources */ = {isa = PBXBuildFile; fileRef = 0B0A33FB237E792200C1C7F3 /* Main.storyboard */; };
		0B0A33FF237E792300C1C7F3 /* Assets.xcassets in Resources */ = {isa = PBXBuildFile; fileRef = 0B0A33FE237E792300C1C7F3 /* Assets.xcassets */; };
		0B0A3402237E792300C1C7F3 /* LaunchScreen.storyboard in Resources */ = {isa = PBXBuildFile; fileRef = 0B0A3400237E792300C1C7F3 /* LaunchScreen.storyboard */; };
		0B2FC1D423B054A600BDF76E /* CollectionViewVC.swift in Sources */ = {isa = PBXBuildFile; fileRef = 0B2FC1D323B054A600BDF76E /* CollectionViewVC.swift */; };
		0B2FC1D623B0A5BF00BDF76E /* TableViewVC(自带的SectionModel).swift in Sources */ = {isa = PBXBuildFile; fileRef = 0B2FC1D523B0A5BF00BDF76E /* TableViewVC(自带的SectionModel).swift */; };
		0B39115423AC7F1D006DB334 /* ShareReplayVC.swift in Sources */ = {isa = PBXBuildFile; fileRef = 0B39115323AC7F1D006DB334 /* ShareReplayVC.swift */; };
		0B99AE5923A77EFD00B18546 /* SubjectsVC.swift in Sources */ = {isa = PBXBuildFile; fileRef = 0B99AE5823A77EFD00B18546 /* SubjectsVC.swift */; };
		0B99AE5B23A8863500B18546 /* KVOVC.swift in Sources */ = {isa = PBXBuildFile; fileRef = 0B99AE5A23A8863500B18546 /* KVOVC.swift */; };
		0B99AE5D23A8ADFD00B18546 /* TransformingVC.swift in Sources */ = {isa = PBXBuildFile; fileRef = 0B99AE5C23A8ADFD00B18546 /* TransformingVC.swift */; };
		0B99AE5F23A8C26D00B18546 /* DriverVC.swift in Sources */ = {isa = PBXBuildFile; fileRef = 0B99AE5E23A8C26D00B18546 /* DriverVC.swift */; };
		144A2750B053E4DC7A1BC78E /* Pods_RX_Demo.framework in Frameworks */ = {isa = PBXBuildFile; fileRef = A5A9D09FB9F085FC0974332C /* Pods_RX_Demo.framework */; };
		E55D9BCD2786810D0037DA45 /* ScheduleVC.swift in Sources */ = {isa = PBXBuildFile; fileRef = E55D9BCC2786810D0037DA45 /* ScheduleVC.swift */; };
		E5622F222783E24400C2E781 /* YogaTestVC.swift in Sources */ = {isa = PBXBuildFile; fileRef = E5622F212783E24400C2E781 /* YogaTestVC.swift */; };
		E5622F242783EFC900C2E781 /* Reactor_PulseVC.swift in Sources */ = {isa = PBXBuildFile; fileRef = E5622F232783EFC900C2E781 /* Reactor_PulseVC.swift */; };
		E5622F262783FA2900C2E781 /* FoilVC.swift in Sources */ = {isa = PBXBuildFile; fileRef = E5622F252783FA2900C2E781 /* FoilVC.swift */; };
		E5622F282783FFA000C2E781 /* KeyPathVC.swift in Sources */ = {isa = PBXBuildFile; fileRef = E5622F272783FFA000C2E781 /* KeyPathVC.swift */; };
		E565CFCF26F6188A00ED6B2C /* RetryVC.swift in Sources */ = {isa = PBXBuildFile; fileRef = E565CFCD26F6188A00ED6B2C /* RetryVC.swift */; };
		E565CFD026F6188A00ED6B2C /* RetryVC.xib in Resources */ = {isa = PBXBuildFile; fileRef = E565CFCE26F6188A00ED6B2C /* RetryVC.xib */; };
		E575FEFD26EF797A0074F460 /* ReactorVC.swift in Sources */ = {isa = PBXBuildFile; fileRef = E575FEFC26EF797A0074F460 /* ReactorVC.swift */; };
		E575FEFF26EF7B7B0074F460 /* ReactorCell.swift in Sources */ = {isa = PBXBuildFile; fileRef = E575FEFE26EF7B7B0074F460 /* ReactorCell.swift */; };
		E575FF0126EF7BA70074F460 /* MainReactor.swift in Sources */ = {isa = PBXBuildFile; fileRef = E575FF0026EF7BA70074F460 /* MainReactor.swift */; };
		E576669D26F81C9E00571D7A /* RootReactor.swift in Sources */ = {isa = PBXBuildFile; fileRef = E576669C26F81C9E00571D7A /* RootReactor.swift */; };
		E576669F26F843CD00571D7A /* TableViewOneSectionVC(简单基本使用).swift in Sources */ = {isa = PBXBuildFile; fileRef = E576669E26F843CD00571D7A /* TableViewOneSectionVC(简单基本使用).swift */; };
		E57666A226F8696900571D7A /* Reusable.swift in Sources */ = {isa = PBXBuildFile; fileRef = E57666A126F8696900571D7A /* Reusable.swift */; };
		E57666A426F8810300571D7A /* Observable+Ex.swift in Sources */ = {isa = PBXBuildFile; fileRef = E57666A326F8810300571D7A /* Observable+Ex.swift */; };
		E5A9F0F126F0F359004FA7A4 /* DelegateProxyVC.swift in Sources */ = {isa = PBXBuildFile; fileRef = E5A9F0F026F0F359004FA7A4 /* DelegateProxyVC.swift */; };
		E5A9F0F326F0F3EE004FA7A4 /* RxMyDelegateProxy.swift in Sources */ = {isa = PBXBuildFile; fileRef = E5A9F0F226F0F3EE004FA7A4 /* RxMyDelegateProxy.swift */; };
		E5A9F0F526F0F5B4004FA7A4 /* MyClass.swift in Sources */ = {isa = PBXBuildFile; fileRef = E5A9F0F426F0F5B4004FA7A4 /* MyClass.swift */; };
		E5A9F0F726F0F5D7004FA7A4 /* MyClass+Rx.swift in Sources */ = {isa = PBXBuildFile; fileRef = E5A9F0F626F0F5D7004FA7A4 /* MyClass+Rx.swift */; };
		E5C75C2026A2AF880032F11E /* RxSwift6VC.swift in Sources */ = {isa = PBXBuildFile; fileRef = E5C75C1E26A2AF880032F11E /* RxSwift6VC.swift */; };
		E5C75C2126A2AF880032F11E /* RxSwift6VC.xib in Resources */ = {isa = PBXBuildFile; fileRef = E5C75C1F26A2AF880032F11E /* RxSwift6VC.xib */; };
		E5C75C8226A2FD500032F11E /* RootVC.swift in Sources */ = {isa = PBXBuildFile; fileRef = E5C75C8126A2FD500032F11E /* RootVC.swift */; };
/* End PBXBuildFile section */

/* Begin PBXFileReference section */
		0B0A33F2237E792200C1C7F3 /* RX_Demo.app */ = {isa = PBXFileReference; explicitFileType = wrapper.application; includeInIndex = 0; path = RX_Demo.app; sourceTree = BUILT_PRODUCTS_DIR; };
		0B0A33F5237E792200C1C7F3 /* AppDelegate.swift */ = {isa = PBXFileReference; lastKnownFileType = sourcecode.swift; path = AppDelegate.swift; sourceTree = "<group>"; };
		0B0A33F9237E792200C1C7F3 /* ViewController.swift */ = {isa = PBXFileReference; lastKnownFileType = sourcecode.swift; path = ViewController.swift; sourceTree = "<group>"; };
		0B0A33FC237E792200C1C7F3 /* Base */ = {isa = PBXFileReference; lastKnownFileType = file.storyboard; name = Base; path = Base.lproj/Main.storyboard; sourceTree = "<group>"; };
		0B0A33FE237E792300C1C7F3 /* Assets.xcassets */ = {isa = PBXFileReference; lastKnownFileType = folder.assetcatalog; path = Assets.xcassets; sourceTree = "<group>"; };
		0B0A3401237E792300C1C7F3 /* Base */ = {isa = PBXFileReference; lastKnownFileType = file.storyboard; name = Base; path = Base.lproj/LaunchScreen.storyboard; sourceTree = "<group>"; };
		0B0A3403237E792300C1C7F3 /* Info.plist */ = {isa = PBXFileReference; lastKnownFileType = text.plist.xml; path = Info.plist; sourceTree = "<group>"; };
		0B2FC1D323B054A600BDF76E /* CollectionViewVC.swift */ = {isa = PBXFileReference; lastKnownFileType = sourcecode.swift; path = CollectionViewVC.swift; sourceTree = "<group>"; };
		0B2FC1D523B0A5BF00BDF76E /* TableViewVC(自带的SectionModel).swift */ = {isa = PBXFileReference; lastKnownFileType = sourcecode.swift; path = "TableViewVC(自带的SectionModel).swift"; sourceTree = "<group>"; };
		0B39115323AC7F1D006DB334 /* ShareReplayVC.swift */ = {isa = PBXFileReference; lastKnownFileType = sourcecode.swift; path = ShareReplayVC.swift; sourceTree = "<group>"; };
		0B99AE5823A77EFD00B18546 /* SubjectsVC.swift */ = {isa = PBXFileReference; lastKnownFileType = sourcecode.swift; path = SubjectsVC.swift; sourceTree = "<group>"; };
		0B99AE5A23A8863500B18546 /* KVOVC.swift */ = {isa = PBXFileReference; lastKnownFileType = sourcecode.swift; path = KVOVC.swift; sourceTree = "<group>"; };
		0B99AE5C23A8ADFD00B18546 /* TransformingVC.swift */ = {isa = PBXFileReference; lastKnownFileType = sourcecode.swift; path = TransformingVC.swift; sourceTree = "<group>"; };
		0B99AE5E23A8C26D00B18546 /* DriverVC.swift */ = {isa = PBXFileReference; lastKnownFileType = sourcecode.swift; path = DriverVC.swift; sourceTree = "<group>"; };
		9AAD806AC6B34BB6BC652321 /* Pods-RX_Demo.debug.xcconfig */ = {isa = PBXFileReference; includeInIndex = 1; lastKnownFileType = text.xcconfig; name = "Pods-RX_Demo.debug.xcconfig"; path = "Target Support Files/Pods-RX_Demo/Pods-RX_Demo.debug.xcconfig"; sourceTree = "<group>"; };
		A5A9D09FB9F085FC0974332C /* Pods_RX_Demo.framework */ = {isa = PBXFileReference; explicitFileType = wrapper.framework; includeInIndex = 0; path = Pods_RX_Demo.framework; sourceTree = BUILT_PRODUCTS_DIR; };
		E55D9BCC2786810D0037DA45 /* ScheduleVC.swift */ = {isa = PBXFileReference; lastKnownFileType = sourcecode.swift; path = ScheduleVC.swift; sourceTree = "<group>"; };
		E5622F212783E24400C2E781 /* YogaTestVC.swift */ = {isa = PBXFileReference; lastKnownFileType = sourcecode.swift; path = YogaTestVC.swift; sourceTree = "<group>"; };
		E5622F232783EFC900C2E781 /* Reactor_PulseVC.swift */ = {isa = PBXFileReference; lastKnownFileType = sourcecode.swift; path = Reactor_PulseVC.swift; sourceTree = "<group>"; };
		E5622F252783FA2900C2E781 /* FoilVC.swift */ = {isa = PBXFileReference; lastKnownFileType = sourcecode.swift; path = FoilVC.swift; sourceTree = "<group>"; };
		E5622F272783FFA000C2E781 /* KeyPathVC.swift */ = {isa = PBXFileReference; lastKnownFileType = sourcecode.swift; path = KeyPathVC.swift; sourceTree = "<group>"; };
		E565CFCD26F6188A00ED6B2C /* RetryVC.swift */ = {isa = PBXFileReference; fileEncoding = 4; lastKnownFileType = sourcecode.swift; path = RetryVC.swift; sourceTree = "<group>"; };
		E565CFCE26F6188A00ED6B2C /* RetryVC.xib */ = {isa = PBXFileReference; fileEncoding = 4; lastKnownFileType = file.xib; path = RetryVC.xib; sourceTree = "<group>"; };
		E575FEF726EF78BA0074F460 /* RX_Demo-Bridging-Header.h */ = {isa = PBXFileReference; lastKnownFileType = sourcecode.c.h; path = "RX_Demo-Bridging-Header.h"; sourceTree = "<group>"; };
		E575FEFC26EF797A0074F460 /* ReactorVC.swift */ = {isa = PBXFileReference; lastKnownFileType = sourcecode.swift; path = ReactorVC.swift; sourceTree = "<group>"; };
		E575FEFE26EF7B7B0074F460 /* ReactorCell.swift */ = {isa = PBXFileReference; lastKnownFileType = sourcecode.swift; path = ReactorCell.swift; sourceTree = "<group>"; };
		E575FF0026EF7BA70074F460 /* MainReactor.swift */ = {isa = PBXFileReference; lastKnownFileType = sourcecode.swift; path = MainReactor.swift; sourceTree = "<group>"; };
		E576669C26F81C9E00571D7A /* RootReactor.swift */ = {isa = PBXFileReference; lastKnownFileType = sourcecode.swift; path = RootReactor.swift; sourceTree = "<group>"; };
		E576669E26F843CD00571D7A /* TableViewOneSectionVC(简单基本使用).swift */ = {isa = PBXFileReference; lastKnownFileType = sourcecode.swift; path = "TableViewOneSectionVC(简单基本使用).swift"; sourceTree = "<group>"; };
		E57666A126F8696900571D7A /* Reusable.swift */ = {isa = PBXFileReference; lastKnownFileType = sourcecode.swift; path = Reusable.swift; sourceTree = "<group>"; };
		E57666A326F8810300571D7A /* Observable+Ex.swift */ = {isa = PBXFileReference; lastKnownFileType = sourcecode.swift; path = "Observable+Ex.swift"; sourceTree = "<group>"; };
		E5A9F0F026F0F359004FA7A4 /* DelegateProxyVC.swift */ = {isa = PBXFileReference; lastKnownFileType = sourcecode.swift; path = DelegateProxyVC.swift; sourceTree = "<group>"; };
		E5A9F0F226F0F3EE004FA7A4 /* RxMyDelegateProxy.swift */ = {isa = PBXFileReference; lastKnownFileType = sourcecode.swift; path = RxMyDelegateProxy.swift; sourceTree = "<group>"; };
		E5A9F0F426F0F5B4004FA7A4 /* MyClass.swift */ = {isa = PBXFileReference; lastKnownFileType = sourcecode.swift; path = MyClass.swift; sourceTree = "<group>"; };
		E5A9F0F626F0F5D7004FA7A4 /* MyClass+Rx.swift */ = {isa = PBXFileReference; lastKnownFileType = sourcecode.swift; path = "MyClass+Rx.swift"; sourceTree = "<group>"; };
		E5C75C1E26A2AF880032F11E /* RxSwift6VC.swift */ = {isa = PBXFileReference; lastKnownFileType = sourcecode.swift; path = RxSwift6VC.swift; sourceTree = "<group>"; };
		E5C75C1F26A2AF880032F11E /* RxSwift6VC.xib */ = {isa = PBXFileReference; lastKnownFileType = file.xib; path = RxSwift6VC.xib; sourceTree = "<group>"; };
		E5C75C8126A2FD500032F11E /* RootVC.swift */ = {isa = PBXFileReference; lastKnownFileType = sourcecode.swift; path = RootVC.swift; sourceTree = "<group>"; };
		EC0142A58305E67AD9AC244A /* Pods-RX_Demo.release.xcconfig */ = {isa = PBXFileReference; includeInIndex = 1; lastKnownFileType = text.xcconfig; name = "Pods-RX_Demo.release.xcconfig"; path = "Target Support Files/Pods-RX_Demo/Pods-RX_Demo.release.xcconfig"; sourceTree = "<group>"; };
/* End PBXFileReference section */

/* Begin PBXFrameworksBuildPhase section */
		0B0A33EF237E792200C1C7F3 /* Frameworks */ = {
			isa = PBXFrameworksBuildPhase;
			buildActionMask = 2147483647;
			files = (
				144A2750B053E4DC7A1BC78E /* Pods_RX_Demo.framework in Frameworks */,
			);
			runOnlyForDeploymentPostprocessing = 0;
		};
/* End PBXFrameworksBuildPhase section */

/* Begin PBXGroup section */
		0B0A33E9237E792200C1C7F3 = {
			isa = PBXGroup;
			children = (
				0B0A33F4237E792200C1C7F3 /* RX_Demo */,
				0B0A33F3237E792200C1C7F3 /* Products */,
				19B725A564BD1C4A2CDECB00 /* Pods */,
				F7587AF2630710672850323E /* Frameworks */,
			);
			sourceTree = "<group>";
		};
		0B0A33F3237E792200C1C7F3 /* Products */ = {
			isa = PBXGroup;
			children = (
				0B0A33F2237E792200C1C7F3 /* RX_Demo.app */,
			);
			name = Products;
			sourceTree = "<group>";
		};
		0B0A33F4237E792200C1C7F3 /* RX_Demo */ = {
			isa = PBXGroup;
			children = (
				E576669B26F81C5C00571D7A /* RootVC */,
				E565CFCC26F6188000ED6B2C /* RetryVC */,
				E5A9F0EF26F0F336004FA7A4 /* DelegateProxy */,
				E575FEFB26EF79610074F460 /* ReactorVC */,
				E5C75C1626A2AF0A0032F11E /* RxSwift6VC */,
				E5C75C1426A2AEC60032F11E /* Example */,
				0B0A33F5237E792200C1C7F3 /* AppDelegate.swift */,
				0B0A33FB237E792200C1C7F3 /* Main.storyboard */,
				0B0A33FE237E792300C1C7F3 /* Assets.xcassets */,
				0B0A3400237E792300C1C7F3 /* LaunchScreen.storyboard */,
				0B0A3403237E792300C1C7F3 /* Info.plist */,
				E575FEF726EF78BA0074F460 /* RX_Demo-Bridging-Header.h */,
			);
			path = RX_Demo;
			sourceTree = "<group>";
		};
		19B725A564BD1C4A2CDECB00 /* Pods */ = {
			isa = PBXGroup;
			children = (
				9AAD806AC6B34BB6BC652321 /* Pods-RX_Demo.debug.xcconfig */,
				EC0142A58305E67AD9AC244A /* Pods-RX_Demo.release.xcconfig */,
			);
			path = Pods;
			sourceTree = "<group>";
		};
		E565CFCC26F6188000ED6B2C /* RetryVC */ = {
			isa = PBXGroup;
			children = (
				E565CFCD26F6188A00ED6B2C /* RetryVC.swift */,
				E565CFCE26F6188A00ED6B2C /* RetryVC.xib */,
			);
			path = RetryVC;
			sourceTree = "<group>";
		};
		E575FEFB26EF79610074F460 /* ReactorVC */ = {
			isa = PBXGroup;
			children = (
				E575FEFC26EF797A0074F460 /* ReactorVC.swift */,
				E575FF0026EF7BA70074F460 /* MainReactor.swift */,
				E575FEFE26EF7B7B0074F460 /* ReactorCell.swift */,
				E57666A326F8810300571D7A /* Observable+Ex.swift */,
			);
			path = ReactorVC;
			sourceTree = "<group>";
		};
		E576669B26F81C5C00571D7A /* RootVC */ = {
			isa = PBXGroup;
			children = (
				E5C75C8126A2FD500032F11E /* RootVC.swift */,
				E576669C26F81C9E00571D7A /* RootReactor.swift */,
			);
			path = RootVC;
			sourceTree = "<group>";
		};
		E57666A026F8694B00571D7A /* TableView */ = {
			isa = PBXGroup;
			children = (
				0B2FC1D523B0A5BF00BDF76E /* TableViewVC(自带的SectionModel).swift */,
				E576669E26F843CD00571D7A /* TableViewOneSectionVC(简单基本使用).swift */,
				E57666A126F8696900571D7A /* Reusable.swift */,
			);
			path = TableView;
			sourceTree = "<group>";
		};
		E5A9F0EF26F0F336004FA7A4 /* DelegateProxy */ = {
			isa = PBXGroup;
			children = (
				E5A9F0F026F0F359004FA7A4 /* DelegateProxyVC.swift */,
				E5A9F0F226F0F3EE004FA7A4 /* RxMyDelegateProxy.swift */,
				E5A9F0F426F0F5B4004FA7A4 /* MyClass.swift */,
				E5A9F0F626F0F5D7004FA7A4 /* MyClass+Rx.swift */,
			);
			path = DelegateProxy;
			sourceTree = "<group>";
		};
		E5C75C1426A2AEC60032F11E /* Example */ = {
			isa = PBXGroup;
			children = (
				E57666A026F8694B00571D7A /* TableView */,
				0B0A33F9237E792200C1C7F3 /* ViewController.swift */,
				0B99AE5823A77EFD00B18546 /* SubjectsVC.swift */,
				0B99AE5A23A8863500B18546 /* KVOVC.swift */,
				0B99AE5C23A8ADFD00B18546 /* TransformingVC.swift */,
				0B99AE5E23A8C26D00B18546 /* DriverVC.swift */,
				0B39115323AC7F1D006DB334 /* ShareReplayVC.swift */,
				0B2FC1D323B054A600BDF76E /* CollectionViewVC.swift */,
				E5622F212783E24400C2E781 /* YogaTestVC.swift */,
				E5622F232783EFC900C2E781 /* Reactor_PulseVC.swift */,
				E5622F252783FA2900C2E781 /* FoilVC.swift */,
				E5622F272783FFA000C2E781 /* KeyPathVC.swift */,
				E55D9BCC2786810D0037DA45 /* ScheduleVC.swift */,
			);
			path = Example;
			sourceTree = "<group>";
		};
		E5C75C1626A2AF0A0032F11E /* RxSwift6VC */ = {
			isa = PBXGroup;
			children = (
				E5C75C1E26A2AF880032F11E /* RxSwift6VC.swift */,
				E5C75C1F26A2AF880032F11E /* RxSwift6VC.xib */,
			);
			path = RxSwift6VC;
			sourceTree = "<group>";
		};
		F7587AF2630710672850323E /* Frameworks */ = {
			isa = PBXGroup;
			children = (
				A5A9D09FB9F085FC0974332C /* Pods_RX_Demo.framework */,
			);
			name = Frameworks;
			sourceTree = "<group>";
		};
/* End PBXGroup section */

/* Begin PBXNativeTarget section */
		0B0A33F1237E792200C1C7F3 /* RX_Demo */ = {
			isa = PBXNativeTarget;
			buildConfigurationList = 0B0A3406237E792300C1C7F3 /* Build configuration list for PBXNativeTarget "RX_Demo" */;
			buildPhases = (
				BBF8CAB6F3248D44C0E3AAB4 /* [CP] Check Pods Manifest.lock */,
				0B0A33EE237E792200C1C7F3 /* Sources */,
				0B0A33EF237E792200C1C7F3 /* Frameworks */,
				0B0A33F0237E792200C1C7F3 /* Resources */,
				E59BE798268FF0EE0086D1F5 /* ShellScript */,
				0D7E883FD977876A8DA155D7 /* [CP] Embed Pods Frameworks */,
			);
			buildRules = (
			);
			dependencies = (
			);
			name = RX_Demo;
			productName = RX_Demo;
			productReference = 0B0A33F2237E792200C1C7F3 /* RX_Demo.app */;
			productType = "com.apple.product-type.application";
		};
/* End PBXNativeTarget section */

/* Begin PBXProject section */
		0B0A33EA237E792200C1C7F3 /* Project object */ = {
			isa = PBXProject;
			attributes = {
				LastSwiftUpdateCheck = 1120;
				LastUpgradeCheck = 1120;
				ORGANIZATIONNAME = fst;
				TargetAttributes = {
					0B0A33F1237E792200C1C7F3 = {
						CreatedOnToolsVersion = 11.2;
						LastSwiftMigration = 1250;
					};
				};
			};
			buildConfigurationList = 0B0A33ED237E792200C1C7F3 /* Build configuration list for PBXProject "RX_Demo" */;
			compatibilityVersion = "Xcode 9.3";
			developmentRegion = en;
			hasScannedForEncodings = 0;
			knownRegions = (
				en,
				Base,
			);
			mainGroup = 0B0A33E9237E792200C1C7F3;
			productRefGroup = 0B0A33F3237E792200C1C7F3 /* Products */;
			projectDirPath = "";
			projectRoot = "";
			targets = (
				0B0A33F1237E792200C1C7F3 /* RX_Demo */,
			);
		};
/* End PBXProject section */

/* Begin PBXResourcesBuildPhase section */
		0B0A33F0237E792200C1C7F3 /* Resources */ = {
			isa = PBXResourcesBuildPhase;
			buildActionMask = 2147483647;
			files = (
				E5C75C2126A2AF880032F11E /* RxSwift6VC.xib in Resources */,
				0B0A3402237E792300C1C7F3 /* LaunchScreen.storyboard in Resources */,
				E565CFD026F6188A00ED6B2C /* RetryVC.xib in Resources */,
				0B0A33FF237E792300C1C7F3 /* Assets.xcassets in Resources */,
				0B0A33FD237E792200C1C7F3 /* Main.storyboard in Resources */,
			);
			runOnlyForDeploymentPostprocessing = 0;
		};
/* End PBXResourcesBuildPhase section */

/* Begin PBXShellScriptBuildPhase section */
		0D7E883FD977876A8DA155D7 /* [CP] Embed Pods Frameworks */ = {
			isa = PBXShellScriptBuildPhase;
			buildActionMask = 2147483647;
			files = (
			);
			inputFileListPaths = (
				"${PODS_ROOT}/Target Support Files/Pods-RX_Demo/Pods-RX_Demo-frameworks-${CONFIGURATION}-input-files.xcfilelist",
			);
			name = "[CP] Embed Pods Frameworks";
			outputFileListPaths = (
				"${PODS_ROOT}/Target Support Files/Pods-RX_Demo/Pods-RX_Demo-frameworks-${CONFIGURATION}-output-files.xcfilelist",
			);
			runOnlyForDeploymentPostprocessing = 0;
			shellPath = /bin/sh;
			shellScript = "\"${PODS_ROOT}/Target Support Files/Pods-RX_Demo/Pods-RX_Demo-frameworks.sh\"\n";
			showEnvVarsInLog = 0;
		};
		BBF8CAB6F3248D44C0E3AAB4 /* [CP] Check Pods Manifest.lock */ = {
			isa = PBXShellScriptBuildPhase;
			buildActionMask = 2147483647;
			files = (
			);
			inputFileListPaths = (
			);
			inputPaths = (
				"${PODS_PODFILE_DIR_PATH}/Podfile.lock",
				"${PODS_ROOT}/Manifest.lock",
			);
			name = "[CP] Check Pods Manifest.lock";
			outputFileListPaths = (
			);
			outputPaths = (
				"$(DERIVED_FILE_DIR)/Pods-RX_Demo-checkManifestLockResult.txt",
			);
			runOnlyForDeploymentPostprocessing = 0;
			shellPath = /bin/sh;
			shellScript = "diff \"${PODS_PODFILE_DIR_PATH}/Podfile.lock\" \"${PODS_ROOT}/Manifest.lock\" > /dev/null\nif [ $? != 0 ] ; then\n    # print error to STDERR\n    echo \"error: The sandbox is not in sync with the Podfile.lock. Run 'pod install' or update your CocoaPods installation.\" >&2\n    exit 1\nfi\n# This output is used by Xcode 'outputs' to avoid re-running this script phase.\necho \"SUCCESS\" > \"${SCRIPT_OUTPUT_FILE_0}\"\n";
			showEnvVarsInLog = 0;
		};
		E59BE798268FF0EE0086D1F5 /* ShellScript */ = {
			isa = PBXShellScriptBuildPhase;
			buildActionMask = 2147483647;
			files = (
			);
			inputFileListPaths = (
			);
			inputPaths = (
			);
			outputFileListPaths = (
			);
			outputPaths = (
			);
			runOnlyForDeploymentPostprocessing = 0;
			shellPath = /bin/sh;
			shellScript = "# Type a script or drag a script file from your workspace to insert its path.\n";
		};
/* End PBXShellScriptBuildPhase section */

/* Begin PBXSourcesBuildPhase section */
		0B0A33EE237E792200C1C7F3 /* Sources */ = {
			isa = PBXSourcesBuildPhase;
			buildActionMask = 2147483647;
			files = (
				E575FEFF26EF7B7B0074F460 /* ReactorCell.swift in Sources */,
				E5A9F0F126F0F359004FA7A4 /* DelegateProxyVC.swift in Sources */,
				E5C75C2026A2AF880032F11E /* RxSwift6VC.swift in Sources */,
				0B99AE5923A77EFD00B18546 /* SubjectsVC.swift in Sources */,
				0B2FC1D423B054A600BDF76E /* CollectionViewVC.swift in Sources */,
				E565CFCF26F6188A00ED6B2C /* RetryVC.swift in Sources */,
				E5622F242783EFC900C2E781 /* Reactor_PulseVC.swift in Sources */,
				0B99AE5D23A8ADFD00B18546 /* TransformingVC.swift in Sources */,
				E5622F282783FFA000C2E781 /* KeyPathVC.swift in Sources */,
				0B39115423AC7F1D006DB334 /* ShareReplayVC.swift in Sources */,
				0B0A33FA237E792200C1C7F3 /* ViewController.swift in Sources */,
				0B0A33F6237E792200C1C7F3 /* AppDelegate.swift in Sources */,
				E575FEFD26EF797A0074F460 /* ReactorVC.swift in Sources */,
				E576669F26F843CD00571D7A /* TableViewOneSectionVC(简单基本使用).swift in Sources */,
				E5622F222783E24400C2E781 /* YogaTestVC.swift in Sources */,
				E55D9BCD2786810D0037DA45 /* ScheduleVC.swift in Sources */,
				E57666A226F8696900571D7A /* Reusable.swift in Sources */,
				E5C75C8226A2FD500032F11E /* RootVC.swift in Sources */,
				E5622F262783FA2900C2E781 /* FoilVC.swift in Sources */,
				E576669D26F81C9E00571D7A /* RootReactor.swift in Sources */,
				0B2FC1D623B0A5BF00BDF76E /* TableViewVC(自带的SectionModel).swift in Sources */,
				E57666A426F8810300571D7A /* Observable+Ex.swift in Sources */,
				E575FF0126EF7BA70074F460 /* MainReactor.swift in Sources */,
				0B99AE5F23A8C26D00B18546 /* DriverVC.swift in Sources */,
				E5A9F0F526F0F5B4004FA7A4 /* MyClass.swift in Sources */,
				0B99AE5B23A8863500B18546 /* KVOVC.swift in Sources */,
				E5A9F0F726F0F5D7004FA7A4 /* MyClass+Rx.swift in Sources */,
				E5A9F0F326F0F3EE004FA7A4 /* RxMyDelegateProxy.swift in Sources */,
			);
			runOnlyForDeploymentPostprocessing = 0;
		};
/* End PBXSourcesBuildPhase section */

/* Begin PBXVariantGroup section */
		0B0A33FB237E792200C1C7F3 /* Main.storyboard */ = {
			isa = PBXVariantGroup;
			children = (
				0B0A33FC237E792200C1C7F3 /* Base */,
			);
			name = Main.storyboard;
			sourceTree = "<group>";
		};
		0B0A3400237E792300C1C7F3 /* LaunchScreen.storyboard */ = {
			isa = PBXVariantGroup;
			children = (
				0B0A3401237E792300C1C7F3 /* Base */,
			);
			name = LaunchScreen.storyboard;
			sourceTree = "<group>";
		};
/* End PBXVariantGroup section */

/* Begin XCBuildConfiguration section */
		0B0A3404237E792300C1C7F3 /* Debug */ = {
			isa = XCBuildConfiguration;
			buildSettings = {
				ALWAYS_SEARCH_USER_PATHS = NO;
				CLANG_ANALYZER_NONNULL = YES;
				CLANG_ANALYZER_NUMBER_OBJECT_CONVERSION = YES_AGGRESSIVE;
				CLANG_CXX_LANGUAGE_STANDARD = "gnu++14";
				CLANG_CXX_LIBRARY = "libc++";
				CLANG_ENABLE_MODULES = YES;
				CLANG_ENABLE_OBJC_ARC = YES;
				CLANG_ENABLE_OBJC_WEAK = YES;
				CLANG_WARN_BLOCK_CAPTURE_AUTORELEASING = YES;
				CLANG_WARN_BOOL_CONVERSION = YES;
				CLANG_WARN_COMMA = YES;
				CLANG_WARN_CONSTANT_CONVERSION = YES;
				CLANG_WARN_DEPRECATED_OBJC_IMPLEMENTATIONS = YES;
				CLANG_WARN_DIRECT_OBJC_ISA_USAGE = YES_ERROR;
				CLANG_WARN_DOCUMENTATION_COMMENTS = YES;
				CLANG_WARN_EMPTY_BODY = YES;
				CLANG_WARN_ENUM_CONVERSION = YES;
				CLANG_WARN_INFINITE_RECURSION = YES;
				CLANG_WARN_INT_CONVERSION = YES;
				CLANG_WARN_NON_LITERAL_NULL_CONVERSION = YES;
				CLANG_WARN_OBJC_IMPLICIT_RETAIN_SELF = YES;
				CLANG_WARN_OBJC_LITERAL_CONVERSION = YES;
				CLANG_WARN_OBJC_ROOT_CLASS = YES_ERROR;
				CLANG_WARN_RANGE_LOOP_ANALYSIS = YES;
				CLANG_WARN_STRICT_PROTOTYPES = YES;
				CLANG_WARN_SUSPICIOUS_MOVE = YES;
				CLANG_WARN_UNGUARDED_AVAILABILITY = YES_AGGRESSIVE;
				CLANG_WARN_UNREACHABLE_CODE = YES;
				CLANG_WARN__DUPLICATE_METHOD_MATCH = YES;
				COPY_PHASE_STRIP = NO;
				DEBUG_INFORMATION_FORMAT = dwarf;
				ENABLE_STRICT_OBJC_MSGSEND = YES;
				ENABLE_TESTABILITY = YES;
				GCC_C_LANGUAGE_STANDARD = gnu11;
				GCC_DYNAMIC_NO_PIC = NO;
				GCC_NO_COMMON_BLOCKS = YES;
				GCC_OPTIMIZATION_LEVEL = 0;
				GCC_PREPROCESSOR_DEFINITIONS = (
					"DEBUG=1",
					"$(inherited)",
				);
				GCC_WARN_64_TO_32_BIT_CONVERSION = YES;
				GCC_WARN_ABOUT_RETURN_TYPE = YES_ERROR;
				GCC_WARN_UNDECLARED_SELECTOR = YES;
				GCC_WARN_UNINITIALIZED_AUTOS = YES_AGGRESSIVE;
				GCC_WARN_UNUSED_FUNCTION = YES;
				GCC_WARN_UNUSED_VARIABLE = YES;
				IPHONEOS_DEPLOYMENT_TARGET = 13.2;
				MTL_ENABLE_DEBUG_INFO = INCLUDE_SOURCE;
				MTL_FAST_MATH = YES;
				ONLY_ACTIVE_ARCH = YES;
				SDKROOT = iphoneos;
				SWIFT_ACTIVE_COMPILATION_CONDITIONS = DEBUG;
				SWIFT_OPTIMIZATION_LEVEL = "-Onone";
			};
			name = Debug;
		};
		0B0A3405237E792300C1C7F3 /* Release */ = {
			isa = XCBuildConfiguration;
			buildSettings = {
				ALWAYS_SEARCH_USER_PATHS = NO;
				CLANG_ANALYZER_NONNULL = YES;
				CLANG_ANALYZER_NUMBER_OBJECT_CONVERSION = YES_AGGRESSIVE;
				CLANG_CXX_LANGUAGE_STANDARD = "gnu++14";
				CLANG_CXX_LIBRARY = "libc++";
				CLANG_ENABLE_MODULES = YES;
				CLANG_ENABLE_OBJC_ARC = YES;
				CLANG_ENABLE_OBJC_WEAK = YES;
				CLANG_WARN_BLOCK_CAPTURE_AUTORELEASING = YES;
				CLANG_WARN_BOOL_CONVERSION = YES;
				CLANG_WARN_COMMA = YES;
				CLANG_WARN_CONSTANT_CONVERSION = YES;
				CLANG_WARN_DEPRECATED_OBJC_IMPLEMENTATIONS = YES;
				CLANG_WARN_DIRECT_OBJC_ISA_USAGE = YES_ERROR;
				CLANG_WARN_DOCUMENTATION_COMMENTS = YES;
				CLANG_WARN_EMPTY_BODY = YES;
				CLANG_WARN_ENUM_CONVERSION = YES;
				CLANG_WARN_INFINITE_RECURSION = YES;
				CLANG_WARN_INT_CONVERSION = YES;
				CLANG_WARN_NON_LITERAL_NULL_CONVERSION = YES;
				CLANG_WARN_OBJC_IMPLICIT_RETAIN_SELF = YES;
				CLANG_WARN_OBJC_LITERAL_CONVERSION = YES;
				CLANG_WARN_OBJC_ROOT_CLASS = YES_ERROR;
				CLANG_WARN_RANGE_LOOP_ANALYSIS = YES;
				CLANG_WARN_STRICT_PROTOTYPES = YES;
				CLANG_WARN_SUSPICIOUS_MOVE = YES;
				CLANG_WARN_UNGUARDED_AVAILABILITY = YES_AGGRESSIVE;
				CLANG_WARN_UNREACHABLE_CODE = YES;
				CLANG_WARN__DUPLICATE_METHOD_MATCH = YES;
				COPY_PHASE_STRIP = NO;
				DEBUG_INFORMATION_FORMAT = "dwarf-with-dsym";
				ENABLE_NS_ASSERTIONS = NO;
				ENABLE_STRICT_OBJC_MSGSEND = YES;
				GCC_C_LANGUAGE_STANDARD = gnu11;
				GCC_NO_COMMON_BLOCKS = YES;
				GCC_WARN_64_TO_32_BIT_CONVERSION = YES;
				GCC_WARN_ABOUT_RETURN_TYPE = YES_ERROR;
				GCC_WARN_UNDECLARED_SELECTOR = YES;
				GCC_WARN_UNINITIALIZED_AUTOS = YES_AGGRESSIVE;
				GCC_WARN_UNUSED_FUNCTION = YES;
				GCC_WARN_UNUSED_VARIABLE = YES;
				IPHONEOS_DEPLOYMENT_TARGET = 13.2;
				MTL_ENABLE_DEBUG_INFO = NO;
				MTL_FAST_MATH = YES;
				SDKROOT = iphoneos;
				SWIFT_COMPILATION_MODE = wholemodule;
				SWIFT_OPTIMIZATION_LEVEL = "-O";
				VALIDATE_PRODUCT = YES;
			};
			name = Release;
		};
		0B0A3407237E792300C1C7F3 /* Debug */ = {
			isa = XCBuildConfiguration;
			baseConfigurationReference = 9AAD806AC6B34BB6BC652321 /* Pods-RX_Demo.debug.xcconfig */;
			buildSettings = {
				ASSETCATALOG_COMPILER_APPICON_NAME = AppIcon;
				CLANG_ENABLE_MODULES = YES;
				CODE_SIGN_STYLE = Automatic;
				INFOPLIST_FILE = RX_Demo/Info.plist;
				LD_RUNPATH_SEARCH_PATHS = (
					"$(inherited)",
					"@executable_path/Frameworks",
				);
				PRODUCT_BUNDLE_IDENTIFIER = "-.RX-Demo";
				PRODUCT_NAME = "$(TARGET_NAME)";
				SWIFT_OBJC_BRIDGING_HEADER = "RX_Demo/RX_Demo-Bridging-Header.h";
				SWIFT_OPTIMIZATION_LEVEL = "-Onone";
				SWIFT_VERSION = 5.0;
				TARGETED_DEVICE_FAMILY = "1,2";
			};
			name = Debug;
		};
		0B0A3408237E792300C1C7F3 /* Release */ = {
			isa = XCBuildConfiguration;
			baseConfigurationReference = EC0142A58305E67AD9AC244A /* Pods-RX_Demo.release.xcconfig */;
			buildSettings = {
				ASSETCATALOG_COMPILER_APPICON_NAME = AppIcon;
				CLANG_ENABLE_MODULES = YES;
				CODE_SIGN_STYLE = Automatic;
				INFOPLIST_FILE = RX_Demo/Info.plist;
				LD_RUNPATH_SEARCH_PATHS = (
					"$(inherited)",
					"@executable_path/Frameworks",
				);
				PRODUCT_BUNDLE_IDENTIFIER = "-.RX-Demo";
				PRODUCT_NAME = "$(TARGET_NAME)";
				SWIFT_OBJC_BRIDGING_HEADER = "RX_Demo/RX_Demo-Bridging-Header.h";
				SWIFT_VERSION = 5.0;
				TARGETED_DEVICE_FAMILY = "1,2";
			};
			name = Release;
		};
/* End XCBuildConfiguration section */

/* Begin XCConfigurationList section */
		0B0A33ED237E792200C1C7F3 /* Build configuration list for PBXProject "RX_Demo" */ = {
			isa = XCConfigurationList;
			buildConfigurations = (
				0B0A3404237E792300C1C7F3 /* Debug */,
				0B0A3405237E792300C1C7F3 /* Release */,
			);
			defaultConfigurationIsVisible = 0;
			defaultConfigurationName = Release;
		};
		0B0A3406237E792300C1C7F3 /* Build configuration list for PBXNativeTarget "RX_Demo" */ = {
			isa = XCConfigurationList;
			buildConfigurations = (
				0B0A3407237E792300C1C7F3 /* Debug */,
				0B0A3408237E792300C1C7F3 /* Release */,
			);
			defaultConfigurationIsVisible = 0;
			defaultConfigurationName = Release;
		};
/* End XCConfigurationList section */
	};
	rootObject = 0B0A33EA237E792200C1C7F3 /* Project object */;
}
