// !$*UTF8*$!
{
	archiveVersion = 1;
	classes = {
	};
	objectVersion = 51;
	objects = {

/* Begin PBXBuildFile section */
		0B0A33F6237E792200C1C7F3 /* AppDelegate.swift in Sources */ = {isa = PBXBuildFile; fileRef = 0B0A33F5237E792200C1C7F3 /* AppDelegate.swift */; };
		0B0A33FA237E792200C1C7F3 /* ViewController.swift in Sources */ = {isa = PBXBuildFile; fileRef = 0B0A33F9237E792200C1C7F3 /* ViewController.swift */; };
		0B0A33FD237E792200C1C7F3 /* Main.storyboard in Resources */ = {isa = PBXBuildFile; fileRef = 0B0A33FB237E792200C1C7F3 /* Main.storyboard */; };
		0B0A33FF237E792300C1C7F3 /* Assets.xcassets in Resources */ = {isa = PBXBuildFile; fileRef = 0B0A33FE237E792300C1C7F3 /* Assets.xcassets */; };
		0B0A3402237E792300C1C7F3 /* LaunchScreen.storyboard in Resources */ = {isa = PBXBuildFile; fileRef = 0B0A3400237E792300C1C7F3 /* LaunchScreen.storyboard */; };
		0B2FC1D423B054A600BDF76E /* CollectionViewVC.swift in Sources */ = {isa = PBXBuildFile; fileRef = 0B2FC1D323B054A600BDF76E /* CollectionViewVC.swift */; };
		0B2FC1D623B0A5BF00BDF76E /* TableViewVC(自带的SectionModel).swift in Sources */ = {isa = PBXBuildFile; fileRef = 0B2FC1D523B0A5BF00BDF76E /* TableViewVC(自带的SectionModel).swift */; };
		0B39115423AC7F1D006DB334 /* ShareReplayVC.swift in Sources */ = {isa = PBXBuildFile; fileRef = 0B39115323AC7F1D006DB334 /* ShareReplayVC.swift */; };
		0B99AE5923A77EFD00B18546 /* SubjectsVC.swift in Sources */ = {isa = PBXBuildFile; fileRef = 0B99AE5823A77EFD00B18546 /* SubjectsVC.swift */; };
		0B99AE5B23A8863500B18546 /* KVOVC.swift in Sources */ = {isa = PBXBuildFile; fileRef = 0B99AE5A23A8863500B18546 /* KVOVC.swift */; };
		0B99AE5D23A8ADFD00B18546 /* TransformingVC.swift in Sources */ = {isa = PBXBuildFile; fileRef = 0B99AE5C23A8ADFD00B18546 /* TransformingVC.swift */; };
		0B99AE5F23A8C26D00B18546 /* DriverVC.swift in Sources */ = {isa = PBXBuildFile; fileRef = 0B99AE5E23A8C26D00B18546 /* DriverVC.swift */; };
		101AC87CAB290AC86B65FB57 /* Pods_RX_DemoTests.framework in Frameworks */ = {isa = PBXBuildFile; fileRef = 76E77B7F41B447F0F23FB628 /* Pods_RX_DemoTests.framework */; };
		144A2750B053E4DC7A1BC78E /* Pods_RX_Demo.framework in Frameworks */ = {isa = PBXBuildFile; fileRef = A5A9D09FB9F085FC0974332C /* Pods_RX_Demo.framework */; };
		E532B0432813AEA5004CE024 /* RxUIVIewController.swift in Sources */ = {isa = PBXBuildFile; fileRef = E532B0422813AEA5004CE024 /* RxUIVIewController.swift */; };
		E532B0452813AEF1004CE024 /* RxThen.swift in Sources */ = {isa = PBXBuildFile; fileRef = E532B0442813AEF1004CE024 /* RxThen.swift */; };
		E532B0482813B3EE004CE024 /* CTMediatorHomeVC.swift in Sources */ = {isa = PBXBuildFile; fileRef = E532B0472813B3EE004CE024 /* CTMediatorHomeVC.swift */; };
		E532B04A2813B50C004CE024 /* SecondVC.swift in Sources */ = {isa = PBXBuildFile; fileRef = E532B0492813B50C004CE024 /* SecondVC.swift */; };
		E532B04C2813B631004CE024 /* SecondVC+CTMediator.swift in Sources */ = {isa = PBXBuildFile; fileRef = E532B04B2813B631004CE024 /* SecondVC+CTMediator.swift */; };
		E539E68127C33EEE001C7071 /* Array+Ex.swift in Sources */ = {isa = PBXBuildFile; fileRef = E539E68027C33EEE001C7071 /* Array+Ex.swift */; };
		E5406105281BD4D300751F3C /* CBPersonModel.swift in Sources */ = {isa = PBXBuildFile; fileRef = E5406104281BD4D300751F3C /* CBPersonModel.swift */; };
		E54505DF2796664800F4A305 /* Banana.swift in Sources */ = {isa = PBXBuildFile; fileRef = E54505DE2796664800F4A305 /* Banana.swift */; };
		E54505E12796665E00F4A305 /* Offer.swift in Sources */ = {isa = PBXBuildFile; fileRef = E54505E02796665E00F4A305 /* Offer.swift */; };
		E54505E32796666F00F4A305 /* Monkey.swift in Sources */ = {isa = PBXBuildFile; fileRef = E54505E22796666F00F4A305 /* Monkey.swift */; };
		E54505E52796668500F4A305 /* SilliestMonkey.swift in Sources */ = {isa = PBXBuildFile; fileRef = E54505E42796668500F4A305 /* SilliestMonkey.swift */; };
		E54505E72796669700F4A305 /* Dolphin.swift in Sources */ = {isa = PBXBuildFile; fileRef = E54505E62796669700F4A305 /* Dolphin.swift */; };
		E54505E9279666A600F4A305 /* Mackerel.swift in Sources */ = {isa = PBXBuildFile; fileRef = E54505E8279666A600F4A305 /* Mackerel.swift */; };
		E54505EB279666B700F4A305 /* Cod.swift in Sources */ = {isa = PBXBuildFile; fileRef = E54505EA279666B700F4A305 /* Cod.swift */; };
		E54505ED279666C600F4A305 /* EventProtocol.swift in Sources */ = {isa = PBXBuildFile; fileRef = E54505EC279666C600F4A305 /* EventProtocol.swift */; };
		E54505F127966E3B00F4A305 /* BananaTests.swift in Sources */ = {isa = PBXBuildFile; fileRef = E54505F027966E3A00F4A305 /* BananaTests.swift */; };
		E54505F327966F4100F4A305 /* SilliestMonkeyTests.swift in Sources */ = {isa = PBXBuildFile; fileRef = E54505F227966F4100F4A305 /* SilliestMonkeyTests.swift */; };
		E54505F5279689AF00F4A305 /* DolphinSpec.swift in Sources */ = {isa = PBXBuildFile; fileRef = E54505F4279689AF00F4A305 /* DolphinSpec.swift */; };
		E54505F72796A31100F4A305 /* EdibleSharedExamplesConfigurationSpec.swift in Sources */ = {isa = PBXBuildFile; fileRef = E54505F62796A31100F4A305 /* EdibleSharedExamplesConfigurationSpec.swift */; };
		E54505F92796B70600F4A305 /* Asynchronous.swift in Sources */ = {isa = PBXBuildFile; fileRef = E54505F82796B70600F4A305 /* Asynchronous.swift */; };
		E54B4A1C27912D48002D3F73 /* SwiftCompileVC.swift in Sources */ = {isa = PBXBuildFile; fileRef = E54B4A1B27912D48002D3F73 /* SwiftCompileVC.swift */; };
		E54B4A1F2791534D002D3F73 /* AppDelegateCommand.swift in Sources */ = {isa = PBXBuildFile; fileRef = E54B4A1E2791534D002D3F73 /* AppDelegateCommand.swift */; };
		E54B4A212791537A002D3F73 /* StartupCommandsBuilder.swift in Sources */ = {isa = PBXBuildFile; fileRef = E54B4A202791537A002D3F73 /* StartupCommandsBuilder.swift */; };
		E55D9BCD2786810D0037DA45 /* ScheduleVC.swift in Sources */ = {isa = PBXBuildFile; fileRef = E55D9BCC2786810D0037DA45 /* ScheduleVC.swift */; };
		E5622F222783E24400C2E781 /* YogaTestVC.swift in Sources */ = {isa = PBXBuildFile; fileRef = E5622F212783E24400C2E781 /* YogaTestVC.swift */; };
		E5622F242783EFC900C2E781 /* Reactor_PulseVC.swift in Sources */ = {isa = PBXBuildFile; fileRef = E5622F232783EFC900C2E781 /* Reactor_PulseVC.swift */; };
		E5622F262783FA2900C2E781 /* DynamicMemberLookupVC.swift in Sources */ = {isa = PBXBuildFile; fileRef = E5622F252783FA2900C2E781 /* DynamicMemberLookupVC.swift */; };
		E5622F282783FFA000C2E781 /* KeyPathVC.swift in Sources */ = {isa = PBXBuildFile; fileRef = E5622F272783FFA000C2E781 /* KeyPathVC.swift */; };
		E565CFCF26F6188A00ED6B2C /* RetryVC.swift in Sources */ = {isa = PBXBuildFile; fileRef = E565CFCD26F6188A00ED6B2C /* RetryVC.swift */; };
		E565CFD026F6188A00ED6B2C /* RetryVC.xib in Resources */ = {isa = PBXBuildFile; fileRef = E565CFCE26F6188A00ED6B2C /* RetryVC.xib */; };
		E56813FF2800885200C5D4FF /* DITestSpec.swift in Sources */ = {isa = PBXBuildFile; fileRef = E56813FE2800885200C5D4FF /* DITestSpec.swift */; };
		E569018728003CB200311AC1 /* DIContainer.swift in Sources */ = {isa = PBXBuildFile; fileRef = E569018628003CB200311AC1 /* DIContainer.swift */; };
		E5700CDB28010A8E002A26E9 /* PersonSwinject.swift in Sources */ = {isa = PBXBuildFile; fileRef = E5700CDA28010A8E002A26E9 /* PersonSwinject.swift */; };
		E571D0A32794FDEB0002769B /* RX_DemoUITests.swift in Sources */ = {isa = PBXBuildFile; fileRef = E571D0A22794FDEB0002769B /* RX_DemoUITests.swift */; };
		E571D0A52794FDEB0002769B /* RX_DemoUITestsLaunchTests.swift in Sources */ = {isa = PBXBuildFile; fileRef = E571D0A42794FDEB0002769B /* RX_DemoUITestsLaunchTests.swift */; };
		E575FEFD26EF797A0074F460 /* ReactorVC.swift in Sources */ = {isa = PBXBuildFile; fileRef = E575FEFC26EF797A0074F460 /* ReactorVC.swift */; };
		E575FEFF26EF7B7B0074F460 /* ReactorCell.swift in Sources */ = {isa = PBXBuildFile; fileRef = E575FEFE26EF7B7B0074F460 /* ReactorCell.swift */; };
		E575FF0126EF7BA70074F460 /* MainReactor.swift in Sources */ = {isa = PBXBuildFile; fileRef = E575FF0026EF7BA70074F460 /* MainReactor.swift */; };
		E576669D26F81C9E00571D7A /* RootReactor.swift in Sources */ = {isa = PBXBuildFile; fileRef = E576669C26F81C9E00571D7A /* RootReactor.swift */; };
		E576669F26F843CD00571D7A /* TableViewOneSectionVC(简单基本使用).swift in Sources */ = {isa = PBXBuildFile; fileRef = E576669E26F843CD00571D7A /* TableViewOneSectionVC(简单基本使用).swift */; };
		E57666A226F8696900571D7A /* Reusable.swift in Sources */ = {isa = PBXBuildFile; fileRef = E57666A126F8696900571D7A /* Reusable.swift */; };
		E57666A426F8810300571D7A /* Observable+Ex.swift in Sources */ = {isa = PBXBuildFile; fileRef = E57666A326F8810300571D7A /* Observable+Ex.swift */; };
		E57CD7B928217E0100238072 /* ASDisplayNode+Chain.swift in Sources */ = {isa = PBXBuildFile; fileRef = E57CD7B728217E0100238072 /* ASDisplayNode+Chain.swift */; };
		E57CD7BA28217E0100238072 /* ASButtonNode+Chain.swift in Sources */ = {isa = PBXBuildFile; fileRef = E57CD7B828217E0100238072 /* ASButtonNode+Chain.swift */; };
		E59B88EC2810478C007CAA51 /* SkeletonViewVC.swift in Sources */ = {isa = PBXBuildFile; fileRef = E59B88EA2810478C007CAA51 /* SkeletonViewVC.swift */; };
		E59B88EF281047B5007CAA51 /* SkeletonViewView.swift in Sources */ = {isa = PBXBuildFile; fileRef = E59B88EE281047B5007CAA51 /* SkeletonViewView.swift */; };
		E59B88F1281047CA007CAA51 /* SkeletonViewView.xib in Resources */ = {isa = PBXBuildFile; fileRef = E59B88F0281047CA007CAA51 /* SkeletonViewView.xib */; };
		E59F6D722823AD23008D0AFC /* blockVC.swift in Sources */ = {isa = PBXBuildFile; fileRef = E59F6D712823AD23008D0AFC /* blockVC.swift */; };
		E5A31696280A6E5300EAEAC9 /* DeviceKitVC.swift in Sources */ = {isa = PBXBuildFile; fileRef = E5A31695280A6E5300EAEAC9 /* DeviceKitVC.swift */; };
		E5A86B11281FFD1300885318 /* ChainWrapper.swift in Sources */ = {isa = PBXBuildFile; fileRef = E5A86B10281FFD1300885318 /* ChainWrapper.swift */; };
		E5A9151A27FBF7FF00A50827 /* ResolverTestVC.swift in Sources */ = {isa = PBXBuildFile; fileRef = E5A9151927FBF7FF00A50827 /* ResolverTestVC.swift */; };
		E5A9F0F126F0F359004FA7A4 /* DelegateProxyVC.swift in Sources */ = {isa = PBXBuildFile; fileRef = E5A9F0F026F0F359004FA7A4 /* DelegateProxyVC.swift */; };
		E5A9F0F326F0F3EE004FA7A4 /* RxMyDelegateProxy.swift in Sources */ = {isa = PBXBuildFile; fileRef = E5A9F0F226F0F3EE004FA7A4 /* RxMyDelegateProxy.swift */; };
		E5A9F0F526F0F5B4004FA7A4 /* MyClass.swift in Sources */ = {isa = PBXBuildFile; fileRef = E5A9F0F426F0F5B4004FA7A4 /* MyClass.swift */; };
		E5A9F0F726F0F5D7004FA7A4 /* MyClass+Rx.swift in Sources */ = {isa = PBXBuildFile; fileRef = E5A9F0F626F0F5D7004FA7A4 /* MyClass+Rx.swift */; };
		E5B29D33284127F9002CE829 /* TheadLockVC.m in Sources */ = {isa = PBXBuildFile; fileRef = E5B29D31284127F9002CE829 /* TheadLockVC.m */; };
		E5C39131280B00710070D63C /* SwiftDateVC.swift in Sources */ = {isa = PBXBuildFile; fileRef = E5C39130280B00710070D63C /* SwiftDateVC.swift */; };
		E5C75C2026A2AF880032F11E /* RxSwift6VC.swift in Sources */ = {isa = PBXBuildFile; fileRef = E5C75C1E26A2AF880032F11E /* RxSwift6VC.swift */; };
		E5C75C2126A2AF880032F11E /* RxSwift6VC.xib in Resources */ = {isa = PBXBuildFile; fileRef = E5C75C1F26A2AF880032F11E /* RxSwift6VC.xib */; };
		E5C75C8226A2FD500032F11E /* RootVC.swift in Sources */ = {isa = PBXBuildFile; fileRef = E5C75C8126A2FD500032F11E /* RootVC.swift */; };
		E5DC182C2790505C006CBE58 /* SwiftTipsVC.swift in Sources */ = {isa = PBXBuildFile; fileRef = E5DC182B2790505C006CBE58 /* SwiftTipsVC.swift */; };
		E5FCA4D5281CECFB007D31D1 /* CodableDemoVC.swift in Sources */ = {isa = PBXBuildFile; fileRef = E5FCA4D4281CECFB007D31D1 /* CodableDemoVC.swift */; };
		E5FD84D428327E2F00A11315 /* CABasicAnimationVC.m in Sources */ = {isa = PBXBuildFile; fileRef = E5FD84D228327E2F00A11315 /* CABasicAnimationVC.m */; };
		E5FD84D728327E6000A11315 /* CAKeyframeAnimationVC.m in Sources */ = {isa = PBXBuildFile; fileRef = E5FD84D628327E6000A11315 /* CAKeyframeAnimationVC.m */; };
/* End PBXBuildFile section */

/* Begin PBXContainerItemProxy section */
		E54505D82796637F00F4A305 /* PBXContainerItemProxy */ = {
			isa = PBXContainerItemProxy;
			containerPortal = 0B0A33EA237E792200C1C7F3 /* Project object */;
			proxyType = 1;
			remoteGlobalIDString = 0B0A33F1237E792200C1C7F3;
			remoteInfo = RX_Demo;
		};
		E571D0A62794FDEB0002769B /* PBXContainerItemProxy */ = {
			isa = PBXContainerItemProxy;
			containerPortal = 0B0A33EA237E792200C1C7F3 /* Project object */;
			proxyType = 1;
			remoteGlobalIDString = 0B0A33F1237E792200C1C7F3;
			remoteInfo = RX_Demo;
		};
/* End PBXContainerItemProxy section */

/* Begin PBXFileReference section */
		0B0011874E781DDFDEA42358 /* Pods-RX_Demo-RX_DemoTests.debug.xcconfig */ = {isa = PBXFileReference; includeInIndex = 1; lastKnownFileType = text.xcconfig; name = "Pods-RX_Demo-RX_DemoTests.debug.xcconfig"; path = "Target Support Files/Pods-RX_Demo-RX_DemoTests/Pods-RX_Demo-RX_DemoTests.debug.xcconfig"; sourceTree = "<group>"; };
		0B0A33F2237E792200C1C7F3 /* RX_Demo.app */ = {isa = PBXFileReference; explicitFileType = wrapper.application; includeInIndex = 0; path = RX_Demo.app; sourceTree = BUILT_PRODUCTS_DIR; };
		0B0A33F5237E792200C1C7F3 /* AppDelegate.swift */ = {isa = PBXFileReference; lastKnownFileType = sourcecode.swift; path = AppDelegate.swift; sourceTree = "<group>"; };
		0B0A33F9237E792200C1C7F3 /* ViewController.swift */ = {isa = PBXFileReference; lastKnownFileType = sourcecode.swift; path = ViewController.swift; sourceTree = "<group>"; };
		0B0A33FC237E792200C1C7F3 /* Base */ = {isa = PBXFileReference; lastKnownFileType = file.storyboard; name = Base; path = Base.lproj/Main.storyboard; sourceTree = "<group>"; };
		0B0A33FE237E792300C1C7F3 /* Assets.xcassets */ = {isa = PBXFileReference; lastKnownFileType = folder.assetcatalog; path = Assets.xcassets; sourceTree = "<group>"; };
		0B0A3401237E792300C1C7F3 /* Base */ = {isa = PBXFileReference; lastKnownFileType = file.storyboard; name = Base; path = Base.lproj/LaunchScreen.storyboard; sourceTree = "<group>"; };
		0B0A3403237E792300C1C7F3 /* Info.plist */ = {isa = PBXFileReference; lastKnownFileType = text.plist.xml; path = Info.plist; sourceTree = "<group>"; };
		0B2FC1D323B054A600BDF76E /* CollectionViewVC.swift */ = {isa = PBXFileReference; lastKnownFileType = sourcecode.swift; path = CollectionViewVC.swift; sourceTree = "<group>"; };
		0B2FC1D523B0A5BF00BDF76E /* TableViewVC(自带的SectionModel).swift */ = {isa = PBXFileReference; lastKnownFileType = sourcecode.swift; path = "TableViewVC(自带的SectionModel).swift"; sourceTree = "<group>"; };
		0B39115323AC7F1D006DB334 /* ShareReplayVC.swift */ = {isa = PBXFileReference; lastKnownFileType = sourcecode.swift; path = ShareReplayVC.swift; sourceTree = "<group>"; };
		0B99AE5823A77EFD00B18546 /* SubjectsVC.swift */ = {isa = PBXFileReference; lastKnownFileType = sourcecode.swift; path = SubjectsVC.swift; sourceTree = "<group>"; };
		0B99AE5A23A8863500B18546 /* KVOVC.swift */ = {isa = PBXFileReference; lastKnownFileType = sourcecode.swift; path = KVOVC.swift; sourceTree = "<group>"; };
		0B99AE5C23A8ADFD00B18546 /* TransformingVC.swift */ = {isa = PBXFileReference; lastKnownFileType = sourcecode.swift; path = TransformingVC.swift; sourceTree = "<group>"; };
		0B99AE5E23A8C26D00B18546 /* DriverVC.swift */ = {isa = PBXFileReference; lastKnownFileType = sourcecode.swift; path = DriverVC.swift; sourceTree = "<group>"; };
		2DCCEE701AAFE42AE0C3BAB9 /* Pods-RX_Demo-RX_DemoTests.release.xcconfig */ = {isa = PBXFileReference; includeInIndex = 1; lastKnownFileType = text.xcconfig; name = "Pods-RX_Demo-RX_DemoTests.release.xcconfig"; path = "Target Support Files/Pods-RX_Demo-RX_DemoTests/Pods-RX_Demo-RX_DemoTests.release.xcconfig"; sourceTree = "<group>"; };
		76E77B7F41B447F0F23FB628 /* Pods_RX_DemoTests.framework */ = {isa = PBXFileReference; explicitFileType = wrapper.framework; includeInIndex = 0; path = Pods_RX_DemoTests.framework; sourceTree = BUILT_PRODUCTS_DIR; };
		9AAD806AC6B34BB6BC652321 /* Pods-RX_Demo.debug.xcconfig */ = {isa = PBXFileReference; includeInIndex = 1; lastKnownFileType = text.xcconfig; name = "Pods-RX_Demo.debug.xcconfig"; path = "Target Support Files/Pods-RX_Demo/Pods-RX_Demo.debug.xcconfig"; sourceTree = "<group>"; };
		A4D8B5CBFDBF85357DA46968 /* Pods-RX_DemoTests.debug.xcconfig */ = {isa = PBXFileReference; includeInIndex = 1; lastKnownFileType = text.xcconfig; name = "Pods-RX_DemoTests.debug.xcconfig"; path = "Target Support Files/Pods-RX_DemoTests/Pods-RX_DemoTests.debug.xcconfig"; sourceTree = "<group>"; };
		A5A9D09FB9F085FC0974332C /* Pods_RX_Demo.framework */ = {isa = PBXFileReference; explicitFileType = wrapper.framework; includeInIndex = 0; path = Pods_RX_Demo.framework; sourceTree = BUILT_PRODUCTS_DIR; };
		E532B0422813AEA5004CE024 /* RxUIVIewController.swift */ = {isa = PBXFileReference; lastKnownFileType = sourcecode.swift; path = RxUIVIewController.swift; sourceTree = "<group>"; };
		E532B0442813AEF1004CE024 /* RxThen.swift */ = {isa = PBXFileReference; lastKnownFileType = sourcecode.swift; path = RxThen.swift; sourceTree = "<group>"; };
		E532B0472813B3EE004CE024 /* CTMediatorHomeVC.swift */ = {isa = PBXFileReference; lastKnownFileType = sourcecode.swift; path = CTMediatorHomeVC.swift; sourceTree = "<group>"; };
		E532B0492813B50C004CE024 /* SecondVC.swift */ = {isa = PBXFileReference; lastKnownFileType = sourcecode.swift; path = SecondVC.swift; sourceTree = "<group>"; };
		E532B04B2813B631004CE024 /* SecondVC+CTMediator.swift */ = {isa = PBXFileReference; lastKnownFileType = sourcecode.swift; path = "SecondVC+CTMediator.swift"; sourceTree = "<group>"; };
		E539E68027C33EEE001C7071 /* Array+Ex.swift */ = {isa = PBXFileReference; lastKnownFileType = sourcecode.swift; path = "Array+Ex.swift"; sourceTree = "<group>"; };
		E5406104281BD4D300751F3C /* CBPersonModel.swift */ = {isa = PBXFileReference; lastKnownFileType = sourcecode.swift; path = CBPersonModel.swift; sourceTree = "<group>"; };
		E540610E281BDA8C00751F3C /* AutoCodable.swift */ = {isa = PBXFileReference; fileEncoding = 4; lastKnownFileType = sourcecode.swift; path = AutoCodable.swift; sourceTree = "<group>"; };
		E54505D42796637F00F4A305 /* RX_DemoTests.xctest */ = {isa = PBXFileReference; explicitFileType = wrapper.cfbundle; includeInIndex = 0; path = RX_DemoTests.xctest; sourceTree = BUILT_PRODUCTS_DIR; };
		E54505DE2796664800F4A305 /* Banana.swift */ = {isa = PBXFileReference; lastKnownFileType = sourcecode.swift; path = Banana.swift; sourceTree = "<group>"; };
		E54505E02796665E00F4A305 /* Offer.swift */ = {isa = PBXFileReference; lastKnownFileType = sourcecode.swift; path = Offer.swift; sourceTree = "<group>"; };
		E54505E22796666F00F4A305 /* Monkey.swift */ = {isa = PBXFileReference; lastKnownFileType = sourcecode.swift; path = Monkey.swift; sourceTree = "<group>"; };
		E54505E42796668500F4A305 /* SilliestMonkey.swift */ = {isa = PBXFileReference; lastKnownFileType = sourcecode.swift; path = SilliestMonkey.swift; sourceTree = "<group>"; };
		E54505E62796669700F4A305 /* Dolphin.swift */ = {isa = PBXFileReference; lastKnownFileType = sourcecode.swift; path = Dolphin.swift; sourceTree = "<group>"; };
		E54505E8279666A600F4A305 /* Mackerel.swift */ = {isa = PBXFileReference; lastKnownFileType = sourcecode.swift; path = Mackerel.swift; sourceTree = "<group>"; };
		E54505EA279666B700F4A305 /* Cod.swift */ = {isa = PBXFileReference; lastKnownFileType = sourcecode.swift; path = Cod.swift; sourceTree = "<group>"; };
		E54505EC279666C600F4A305 /* EventProtocol.swift */ = {isa = PBXFileReference; lastKnownFileType = sourcecode.swift; path = EventProtocol.swift; sourceTree = "<group>"; };
		E54505F027966E3A00F4A305 /* BananaTests.swift */ = {isa = PBXFileReference; lastKnownFileType = sourcecode.swift; path = BananaTests.swift; sourceTree = "<group>"; };
		E54505F227966F4100F4A305 /* SilliestMonkeyTests.swift */ = {isa = PBXFileReference; lastKnownFileType = sourcecode.swift; path = SilliestMonkeyTests.swift; sourceTree = "<group>"; };
		E54505F4279689AF00F4A305 /* DolphinSpec.swift */ = {isa = PBXFileReference; lastKnownFileType = sourcecode.swift; path = DolphinSpec.swift; sourceTree = "<group>"; };
		E54505F62796A31100F4A305 /* EdibleSharedExamplesConfigurationSpec.swift */ = {isa = PBXFileReference; lastKnownFileType = sourcecode.swift; path = EdibleSharedExamplesConfigurationSpec.swift; sourceTree = "<group>"; };
		E54505F82796B70600F4A305 /* Asynchronous.swift */ = {isa = PBXFileReference; lastKnownFileType = sourcecode.swift; path = Asynchronous.swift; sourceTree = "<group>"; };
		E54B4A1B27912D48002D3F73 /* SwiftCompileVC.swift */ = {isa = PBXFileReference; lastKnownFileType = sourcecode.swift; path = SwiftCompileVC.swift; sourceTree = "<group>"; };
		E54B4A1E2791534D002D3F73 /* AppDelegateCommand.swift */ = {isa = PBXFileReference; lastKnownFileType = sourcecode.swift; path = AppDelegateCommand.swift; sourceTree = "<group>"; };
		E54B4A202791537A002D3F73 /* StartupCommandsBuilder.swift */ = {isa = PBXFileReference; lastKnownFileType = sourcecode.swift; path = StartupCommandsBuilder.swift; sourceTree = "<group>"; };
		E55D9BCC2786810D0037DA45 /* ScheduleVC.swift */ = {isa = PBXFileReference; lastKnownFileType = sourcecode.swift; path = ScheduleVC.swift; sourceTree = "<group>"; };
		E5622F212783E24400C2E781 /* YogaTestVC.swift */ = {isa = PBXFileReference; lastKnownFileType = sourcecode.swift; path = YogaTestVC.swift; sourceTree = "<group>"; };
		E5622F232783EFC900C2E781 /* Reactor_PulseVC.swift */ = {isa = PBXFileReference; lastKnownFileType = sourcecode.swift; path = Reactor_PulseVC.swift; sourceTree = "<group>"; };
		E5622F252783FA2900C2E781 /* DynamicMemberLookupVC.swift */ = {isa = PBXFileReference; lastKnownFileType = sourcecode.swift; path = DynamicMemberLookupVC.swift; sourceTree = "<group>"; };
		E5622F272783FFA000C2E781 /* KeyPathVC.swift */ = {isa = PBXFileReference; lastKnownFileType = sourcecode.swift; path = KeyPathVC.swift; sourceTree = "<group>"; };
		E565CFCD26F6188A00ED6B2C /* RetryVC.swift */ = {isa = PBXFileReference; fileEncoding = 4; lastKnownFileType = sourcecode.swift; path = RetryVC.swift; sourceTree = "<group>"; };
		E565CFCE26F6188A00ED6B2C /* RetryVC.xib */ = {isa = PBXFileReference; fileEncoding = 4; lastKnownFileType = file.xib; path = RetryVC.xib; sourceTree = "<group>"; };
		E56813FE2800885200C5D4FF /* DITestSpec.swift */ = {isa = PBXFileReference; lastKnownFileType = sourcecode.swift; path = DITestSpec.swift; sourceTree = "<group>"; };
		E569018628003CB200311AC1 /* DIContainer.swift */ = {isa = PBXFileReference; fileEncoding = 4; lastKnownFileType = sourcecode.swift; path = DIContainer.swift; sourceTree = "<group>"; };
		E5700CDA28010A8E002A26E9 /* PersonSwinject.swift */ = {isa = PBXFileReference; lastKnownFileType = sourcecode.swift; path = PersonSwinject.swift; sourceTree = "<group>"; };
		E571D0A02794FDEB0002769B /* RX_DemoUITests.xctest */ = {isa = PBXFileReference; explicitFileType = wrapper.cfbundle; includeInIndex = 0; path = RX_DemoUITests.xctest; sourceTree = BUILT_PRODUCTS_DIR; };
		E571D0A22794FDEB0002769B /* RX_DemoUITests.swift */ = {isa = PBXFileReference; lastKnownFileType = sourcecode.swift; path = RX_DemoUITests.swift; sourceTree = "<group>"; };
		E571D0A42794FDEB0002769B /* RX_DemoUITestsLaunchTests.swift */ = {isa = PBXFileReference; lastKnownFileType = sourcecode.swift; path = RX_DemoUITestsLaunchTests.swift; sourceTree = "<group>"; };
		E575FEF726EF78BA0074F460 /* RX_Demo-Bridging-Header.h */ = {isa = PBXFileReference; lastKnownFileType = sourcecode.c.h; path = "RX_Demo-Bridging-Header.h"; sourceTree = "<group>"; };
		E575FEFC26EF797A0074F460 /* ReactorVC.swift */ = {isa = PBXFileReference; lastKnownFileType = sourcecode.swift; path = ReactorVC.swift; sourceTree = "<group>"; };
		E575FEFE26EF7B7B0074F460 /* ReactorCell.swift */ = {isa = PBXFileReference; lastKnownFileType = sourcecode.swift; path = ReactorCell.swift; sourceTree = "<group>"; };
		E575FF0026EF7BA70074F460 /* MainReactor.swift */ = {isa = PBXFileReference; lastKnownFileType = sourcecode.swift; path = MainReactor.swift; sourceTree = "<group>"; };
		E576669C26F81C9E00571D7A /* RootReactor.swift */ = {isa = PBXFileReference; lastKnownFileType = sourcecode.swift; path = RootReactor.swift; sourceTree = "<group>"; };
		E576669E26F843CD00571D7A /* TableViewOneSectionVC(简单基本使用).swift */ = {isa = PBXFileReference; lastKnownFileType = sourcecode.swift; path = "TableViewOneSectionVC(简单基本使用).swift"; sourceTree = "<group>"; };
		E57666A126F8696900571D7A /* Reusable.swift */ = {isa = PBXFileReference; lastKnownFileType = sourcecode.swift; path = Reusable.swift; sourceTree = "<group>"; };
		E57666A326F8810300571D7A /* Observable+Ex.swift */ = {isa = PBXFileReference; lastKnownFileType = sourcecode.swift; path = "Observable+Ex.swift"; sourceTree = "<group>"; };
		E57CD7B728217E0100238072 /* ASDisplayNode+Chain.swift */ = {isa = PBXFileReference; fileEncoding = 4; lastKnownFileType = sourcecode.swift; path = "ASDisplayNode+Chain.swift"; sourceTree = "<group>"; };
		E57CD7B828217E0100238072 /* ASButtonNode+Chain.swift */ = {isa = PBXFileReference; fileEncoding = 4; lastKnownFileType = sourcecode.swift; path = "ASButtonNode+Chain.swift"; sourceTree = "<group>"; };
		E59B88EA2810478C007CAA51 /* SkeletonViewVC.swift */ = {isa = PBXFileReference; lastKnownFileType = sourcecode.swift; path = SkeletonViewVC.swift; sourceTree = "<group>"; };
		E59B88EE281047B5007CAA51 /* SkeletonViewView.swift */ = {isa = PBXFileReference; lastKnownFileType = sourcecode.swift; path = SkeletonViewView.swift; sourceTree = "<group>"; };
		E59B88F0281047CA007CAA51 /* SkeletonViewView.xib */ = {isa = PBXFileReference; lastKnownFileType = file.xib; path = SkeletonViewView.xib; sourceTree = "<group>"; };
		E59F6D712823AD23008D0AFC /* blockVC.swift */ = {isa = PBXFileReference; lastKnownFileType = sourcecode.swift; path = blockVC.swift; sourceTree = "<group>"; };
		E5A31695280A6E5300EAEAC9 /* DeviceKitVC.swift */ = {isa = PBXFileReference; lastKnownFileType = sourcecode.swift; path = DeviceKitVC.swift; sourceTree = "<group>"; };
		E5A86B10281FFD1300885318 /* ChainWrapper.swift */ = {isa = PBXFileReference; lastKnownFileType = sourcecode.swift; path = ChainWrapper.swift; sourceTree = "<group>"; };
		E5A9151927FBF7FF00A50827 /* ResolverTestVC.swift */ = {isa = PBXFileReference; lastKnownFileType = sourcecode.swift; path = ResolverTestVC.swift; sourceTree = "<group>"; };
		E5A9F0F026F0F359004FA7A4 /* DelegateProxyVC.swift */ = {isa = PBXFileReference; lastKnownFileType = sourcecode.swift; path = DelegateProxyVC.swift; sourceTree = "<group>"; };
		E5A9F0F226F0F3EE004FA7A4 /* RxMyDelegateProxy.swift */ = {isa = PBXFileReference; lastKnownFileType = sourcecode.swift; path = RxMyDelegateProxy.swift; sourceTree = "<group>"; };
		E5A9F0F426F0F5B4004FA7A4 /* MyClass.swift */ = {isa = PBXFileReference; lastKnownFileType = sourcecode.swift; path = MyClass.swift; sourceTree = "<group>"; };
		E5A9F0F626F0F5D7004FA7A4 /* MyClass+Rx.swift */ = {isa = PBXFileReference; lastKnownFileType = sourcecode.swift; path = "MyClass+Rx.swift"; sourceTree = "<group>"; };
		E5B29D31284127F9002CE829 /* TheadLockVC.m */ = {isa = PBXFileReference; fileEncoding = 4; lastKnownFileType = sourcecode.c.objc; path = TheadLockVC.m; sourceTree = "<group>"; };
		E5B29D32284127F9002CE829 /* TheadLockVC.h */ = {isa = PBXFileReference; fileEncoding = 4; lastKnownFileType = sourcecode.c.h; path = TheadLockVC.h; sourceTree = "<group>"; };
		E5C39130280B00710070D63C /* SwiftDateVC.swift */ = {isa = PBXFileReference; lastKnownFileType = sourcecode.swift; path = SwiftDateVC.swift; sourceTree = "<group>"; };
		E5C75C1E26A2AF880032F11E /* RxSwift6VC.swift */ = {isa = PBXFileReference; lastKnownFileType = sourcecode.swift; path = RxSwift6VC.swift; sourceTree = "<group>"; };
		E5C75C1F26A2AF880032F11E /* RxSwift6VC.xib */ = {isa = PBXFileReference; lastKnownFileType = file.xib; path = RxSwift6VC.xib; sourceTree = "<group>"; };
		E5C75C8126A2FD500032F11E /* RootVC.swift */ = {isa = PBXFileReference; lastKnownFileType = sourcecode.swift; path = RootVC.swift; sourceTree = "<group>"; };
		E5DC182B2790505C006CBE58 /* SwiftTipsVC.swift */ = {isa = PBXFileReference; lastKnownFileType = sourcecode.swift; path = SwiftTipsVC.swift; sourceTree = "<group>"; };
		E5FCA4D4281CECFB007D31D1 /* CodableDemoVC.swift */ = {isa = PBXFileReference; lastKnownFileType = sourcecode.swift; path = CodableDemoVC.swift; sourceTree = "<group>"; };
		E5FD84D228327E2F00A11315 /* CABasicAnimationVC.m */ = {isa = PBXFileReference; fileEncoding = 4; lastKnownFileType = sourcecode.c.objc; path = CABasicAnimationVC.m; sourceTree = "<group>"; };
		E5FD84D328327E2F00A11315 /* CABasicAnimationVC.h */ = {isa = PBXFileReference; fileEncoding = 4; lastKnownFileType = sourcecode.c.h; path = CABasicAnimationVC.h; sourceTree = "<group>"; };
		E5FD84D528327E6000A11315 /* CAKeyframeAnimationVC.h */ = {isa = PBXFileReference; fileEncoding = 4; lastKnownFileType = sourcecode.c.h; path = CAKeyframeAnimationVC.h; sourceTree = "<group>"; };
		E5FD84D628327E6000A11315 /* CAKeyframeAnimationVC.m */ = {isa = PBXFileReference; fileEncoding = 4; lastKnownFileType = sourcecode.c.objc; path = CAKeyframeAnimationVC.m; sourceTree = "<group>"; };
		EC0142A58305E67AD9AC244A /* Pods-RX_Demo.release.xcconfig */ = {isa = PBXFileReference; includeInIndex = 1; lastKnownFileType = text.xcconfig; name = "Pods-RX_Demo.release.xcconfig"; path = "Target Support Files/Pods-RX_Demo/Pods-RX_Demo.release.xcconfig"; sourceTree = "<group>"; };
		F2D9C6CE45F6B0632CAFEDC5 /* Pods-RX_DemoTests.release.xcconfig */ = {isa = PBXFileReference; includeInIndex = 1; lastKnownFileType = text.xcconfig; name = "Pods-RX_DemoTests.release.xcconfig"; path = "Target Support Files/Pods-RX_DemoTests/Pods-RX_DemoTests.release.xcconfig"; sourceTree = "<group>"; };
/* End PBXFileReference section */

/* Begin PBXFrameworksBuildPhase section */
		0B0A33EF237E792200C1C7F3 /* Frameworks */ = {
			isa = PBXFrameworksBuildPhase;
			buildActionMask = 2147483647;
			files = (
				144A2750B053E4DC7A1BC78E /* Pods_RX_Demo.framework in Frameworks */,
			);
			runOnlyForDeploymentPostprocessing = 0;
		};
		E54505D12796637F00F4A305 /* Frameworks */ = {
			isa = PBXFrameworksBuildPhase;
			buildActionMask = 2147483647;
			files = (
				101AC87CAB290AC86B65FB57 /* Pods_RX_DemoTests.framework in Frameworks */,
			);
			runOnlyForDeploymentPostprocessing = 0;
		};
		E571D09D2794FDEB0002769B /* Frameworks */ = {
			isa = PBXFrameworksBuildPhase;
			buildActionMask = 2147483647;
			files = (
			);
			runOnlyForDeploymentPostprocessing = 0;
		};
/* End PBXFrameworksBuildPhase section */

/* Begin PBXGroup section */
		0B0A33E9237E792200C1C7F3 = {
			isa = PBXGroup;
			children = (
				0B0A33F4237E792200C1C7F3 /* RX_Demo */,
				E571D0A12794FDEB0002769B /* RX_DemoUITests */,
				E54505D52796637F00F4A305 /* RX_DemoTests */,
				0B0A33F3237E792200C1C7F3 /* Products */,
				19B725A564BD1C4A2CDECB00 /* Pods */,
				F7587AF2630710672850323E /* Frameworks */,
			);
			sourceTree = "<group>";
		};
		0B0A33F3237E792200C1C7F3 /* Products */ = {
			isa = PBXGroup;
			children = (
				0B0A33F2237E792200C1C7F3 /* RX_Demo.app */,
				E571D0A02794FDEB0002769B /* RX_DemoUITests.xctest */,
				E54505D42796637F00F4A305 /* RX_DemoTests.xctest */,
			);
			name = Products;
			sourceTree = "<group>";
		};
		0B0A33F4237E792200C1C7F3 /* RX_Demo */ = {
			isa = PBXGroup;
			children = (
				E59F6D702823ACED008D0AFC /* block */,
				E5FD84D8283289B800A11315 /* OC */,
				E57CD7B628217DF700238072 /* ChainWrapper */,
				E5406103281BD48500751F3C /* Sourcery */,
				E532B0462813B3C2004CE024 /* CTMediatorDemo */,
				E59B88E928104775007CAA51 /* SkeletonView */,
				E5C39132280B00760070D63C /* SwiftDate */,
				E5A31694280A6E3800EAEAC9 /* DeviceKit */,
				E5A9151827FBF7CD00A50827 /* Resolver_DI */,
				E539E67F27C33ECE001C7071 /* Extension */,
				E54505DD279663F100F4A305 /* DemoTest */,
				E54B4A1D2791532C002D3F73 /* AppDelegate */,
				E5DC182D27905062006CBE58 /* SwiftTipsVC */,
				E565CFCC26F6188000ED6B2C /* RetryVC */,
				E5A9F0EF26F0F336004FA7A4 /* DelegateProxy */,
				E575FEFB26EF79610074F460 /* ReactorVC */,
				E5C75C1626A2AF0A0032F11E /* RxSwift6VC */,
				E5C75C1426A2AEC60032F11E /* Example */,
				0B0A33FB237E792200C1C7F3 /* Main.storyboard */,
				E576669B26F81C5C00571D7A /* RootVC */,
				0B0A33FE237E792300C1C7F3 /* Assets.xcassets */,
				0B0A3400237E792300C1C7F3 /* LaunchScreen.storyboard */,
				0B0A3403237E792300C1C7F3 /* Info.plist */,
				E575FEF726EF78BA0074F460 /* RX_Demo-Bridging-Header.h */,
			);
			path = RX_Demo;
			sourceTree = "<group>";
		};
		19B725A564BD1C4A2CDECB00 /* Pods */ = {
			isa = PBXGroup;
			children = (
				9AAD806AC6B34BB6BC652321 /* Pods-RX_Demo.debug.xcconfig */,
				EC0142A58305E67AD9AC244A /* Pods-RX_Demo.release.xcconfig */,
				A4D8B5CBFDBF85357DA46968 /* Pods-RX_DemoTests.debug.xcconfig */,
				F2D9C6CE45F6B0632CAFEDC5 /* Pods-RX_DemoTests.release.xcconfig */,
				0B0011874E781DDFDEA42358 /* Pods-RX_Demo-RX_DemoTests.debug.xcconfig */,
				2DCCEE701AAFE42AE0C3BAB9 /* Pods-RX_Demo-RX_DemoTests.release.xcconfig */,
			);
			path = Pods;
			sourceTree = "<group>";
		};
		E532B0412813AE82004CE024 /* RxExtension */ = {
			isa = PBXGroup;
			children = (
				E532B0422813AEA5004CE024 /* RxUIVIewController.swift */,
				E532B0442813AEF1004CE024 /* RxThen.swift */,
			);
			path = RxExtension;
			sourceTree = "<group>";
		};
		E532B0462813B3C2004CE024 /* CTMediatorDemo */ = {
			isa = PBXGroup;
			children = (
				E532B0472813B3EE004CE024 /* CTMediatorHomeVC.swift */,
				E532B0492813B50C004CE024 /* SecondVC.swift */,
				E532B04B2813B631004CE024 /* SecondVC+CTMediator.swift */,
			);
			path = CTMediatorDemo;
			sourceTree = "<group>";
		};
		E539E67F27C33ECE001C7071 /* Extension */ = {
			isa = PBXGroup;
			children = (
				E532B0412813AE82004CE024 /* RxExtension */,
				E539E68027C33EEE001C7071 /* Array+Ex.swift */,
			);
			path = Extension;
			sourceTree = "<group>";
		};
		E5406103281BD48500751F3C /* Sourcery */ = {
			isa = PBXGroup;
			children = (
				E540610D281BDA8C00751F3C /* CodeGenerated */,
				E5406104281BD4D300751F3C /* CBPersonModel.swift */,
				E5FCA4D4281CECFB007D31D1 /* CodableDemoVC.swift */,
			);
			path = Sourcery;
			sourceTree = "<group>";
		};
		E540610D281BDA8C00751F3C /* CodeGenerated */ = {
			isa = PBXGroup;
			children = (
				E540610E281BDA8C00751F3C /* AutoCodable.swift */,
			);
			name = CodeGenerated;
			path = RX_Demo/CodeGenerated;
			sourceTree = SOURCE_ROOT;
		};
		E54505D52796637F00F4A305 /* RX_DemoTests */ = {
			isa = PBXGroup;
			children = (
				E54505F027966E3A00F4A305 /* BananaTests.swift */,
				E54505F227966F4100F4A305 /* SilliestMonkeyTests.swift */,
				E54505F4279689AF00F4A305 /* DolphinSpec.swift */,
				E54505F62796A31100F4A305 /* EdibleSharedExamplesConfigurationSpec.swift */,
				E54505F82796B70600F4A305 /* Asynchronous.swift */,
				E56813FE2800885200C5D4FF /* DITestSpec.swift */,
			);
			path = RX_DemoTests;
			sourceTree = "<group>";
		};
		E54505DD279663F100F4A305 /* DemoTest */ = {
			isa = PBXGroup;
			children = (
				E54505DE2796664800F4A305 /* Banana.swift */,
				E54505E02796665E00F4A305 /* Offer.swift */,
				E54505E22796666F00F4A305 /* Monkey.swift */,
				E54505E42796668500F4A305 /* SilliestMonkey.swift */,
				E54505E62796669700F4A305 /* Dolphin.swift */,
				E54505E8279666A600F4A305 /* Mackerel.swift */,
				E54505EA279666B700F4A305 /* Cod.swift */,
				E54505EC279666C600F4A305 /* EventProtocol.swift */,
			);
			path = DemoTest;
			sourceTree = "<group>";
		};
		E54B4A1D2791532C002D3F73 /* AppDelegate */ = {
			isa = PBXGroup;
			children = (
				0B0A33F5237E792200C1C7F3 /* AppDelegate.swift */,
				E54B4A1E2791534D002D3F73 /* AppDelegateCommand.swift */,
				E54B4A202791537A002D3F73 /* StartupCommandsBuilder.swift */,
			);
			path = AppDelegate;
			sourceTree = "<group>";
		};
		E565CFCC26F6188000ED6B2C /* RetryVC */ = {
			isa = PBXGroup;
			children = (
				E565CFCD26F6188A00ED6B2C /* RetryVC.swift */,
				E565CFCE26F6188A00ED6B2C /* RetryVC.xib */,
			);
			path = RetryVC;
			sourceTree = "<group>";
		};
		E569018528003CB200311AC1 /* DI */ = {
			isa = PBXGroup;
			children = (
				E569018628003CB200311AC1 /* DIContainer.swift */,
			);
			path = DI;
			sourceTree = "<group>";
		};
		E571D0A12794FDEB0002769B /* RX_DemoUITests */ = {
			isa = PBXGroup;
			children = (
				E571D0A22794FDEB0002769B /* RX_DemoUITests.swift */,
				E571D0A42794FDEB0002769B /* RX_DemoUITestsLaunchTests.swift */,
			);
			path = RX_DemoUITests;
			sourceTree = "<group>";
		};
		E575FEFB26EF79610074F460 /* ReactorVC */ = {
			isa = PBXGroup;
			children = (
				E575FEFC26EF797A0074F460 /* ReactorVC.swift */,
				E575FF0026EF7BA70074F460 /* MainReactor.swift */,
				E575FEFE26EF7B7B0074F460 /* ReactorCell.swift */,
				E57666A326F8810300571D7A /* Observable+Ex.swift */,
			);
			path = ReactorVC;
			sourceTree = "<group>";
		};
		E576669B26F81C5C00571D7A /* RootVC */ = {
			isa = PBXGroup;
			children = (
				E5C75C8126A2FD500032F11E /* RootVC.swift */,
				E576669C26F81C9E00571D7A /* RootReactor.swift */,
			);
			path = RootVC;
			sourceTree = "<group>";
		};
		E57666A026F8694B00571D7A /* TableView */ = {
			isa = PBXGroup;
			children = (
				0B2FC1D523B0A5BF00BDF76E /* TableViewVC(自带的SectionModel).swift */,
				E576669E26F843CD00571D7A /* TableViewOneSectionVC(简单基本使用).swift */,
				E57666A126F8696900571D7A /* Reusable.swift */,
			);
			path = TableView;
			sourceTree = "<group>";
		};
		E57CD7B628217DF700238072 /* ChainWrapper */ = {
			isa = PBXGroup;
			children = (
				E5A86B10281FFD1300885318 /* ChainWrapper.swift */,
				E57CD7B828217E0100238072 /* ASButtonNode+Chain.swift */,
				E57CD7B728217E0100238072 /* ASDisplayNode+Chain.swift */,
			);
			path = ChainWrapper;
			sourceTree = "<group>";
		};
		E59B88E928104775007CAA51 /* SkeletonView */ = {
			isa = PBXGroup;
			children = (
				E59B88EA2810478C007CAA51 /* SkeletonViewVC.swift */,
				E59B88EE281047B5007CAA51 /* SkeletonViewView.swift */,
				E59B88F0281047CA007CAA51 /* SkeletonViewView.xib */,
			);
			path = SkeletonView;
			sourceTree = "<group>";
		};
		E59F6D702823ACED008D0AFC /* block */ = {
			isa = PBXGroup;
			children = (
				E59F6D712823AD23008D0AFC /* blockVC.swift */,
			);
			path = block;
			sourceTree = "<group>";
		};
		E5A31694280A6E3800EAEAC9 /* DeviceKit */ = {
			isa = PBXGroup;
			children = (
				E5A31695280A6E5300EAEAC9 /* DeviceKitVC.swift */,
			);
			path = DeviceKit;
			sourceTree = "<group>";
		};
		E5A9151827FBF7CD00A50827 /* Resolver_DI */ = {
			isa = PBXGroup;
			children = (
				E569018528003CB200311AC1 /* DI */,
				E5A9151927FBF7FF00A50827 /* ResolverTestVC.swift */,
				E5700CDA28010A8E002A26E9 /* PersonSwinject.swift */,
			);
			path = Resolver_DI;
			sourceTree = "<group>";
		};
		E5A9F0EF26F0F336004FA7A4 /* DelegateProxy */ = {
			isa = PBXGroup;
			children = (
				E5A9F0F026F0F359004FA7A4 /* DelegateProxyVC.swift */,
				E5A9F0F226F0F3EE004FA7A4 /* RxMyDelegateProxy.swift */,
				E5A9F0F426F0F5B4004FA7A4 /* MyClass.swift */,
				E5A9F0F626F0F5D7004FA7A4 /* MyClass+Rx.swift */,
			);
			path = DelegateProxy;
			sourceTree = "<group>";
		};
		E5B29D30284127F9002CE829 /* TheadLock */ = {
			isa = PBXGroup;
			children = (
				E5B29D31284127F9002CE829 /* TheadLockVC.m */,
				E5B29D32284127F9002CE829 /* TheadLockVC.h */,
			);
			name = TheadLock;
			path = ../../../OC/TheadLock;
			sourceTree = "<group>";
		};
		E5C39132280B00760070D63C /* SwiftDate */ = {
			isa = PBXGroup;
			children = (
				E5C39130280B00710070D63C /* SwiftDateVC.swift */,
			);
			path = SwiftDate;
			sourceTree = "<group>";
		};
		E5C75C1426A2AEC60032F11E /* Example */ = {
			isa = PBXGroup;
			children = (
				E57666A026F8694B00571D7A /* TableView */,
				0B0A33F9237E792200C1C7F3 /* ViewController.swift */,
				0B99AE5823A77EFD00B18546 /* SubjectsVC.swift */,
				0B99AE5A23A8863500B18546 /* KVOVC.swift */,
				0B99AE5C23A8ADFD00B18546 /* TransformingVC.swift */,
				0B99AE5E23A8C26D00B18546 /* DriverVC.swift */,
				0B39115323AC7F1D006DB334 /* ShareReplayVC.swift */,
				0B2FC1D323B054A600BDF76E /* CollectionViewVC.swift */,
				E5622F212783E24400C2E781 /* YogaTestVC.swift */,
				E5622F232783EFC900C2E781 /* Reactor_PulseVC.swift */,
				E5622F252783FA2900C2E781 /* DynamicMemberLookupVC.swift */,
				E5622F272783FFA000C2E781 /* KeyPathVC.swift */,
				E55D9BCC2786810D0037DA45 /* ScheduleVC.swift */,
			);
			path = Example;
			sourceTree = "<group>";
		};
		E5C75C1626A2AF0A0032F11E /* RxSwift6VC */ = {
			isa = PBXGroup;
			children = (
				E5C75C1E26A2AF880032F11E /* RxSwift6VC.swift */,
				E5C75C1F26A2AF880032F11E /* RxSwift6VC.xib */,
			);
			path = RxSwift6VC;
			sourceTree = "<group>";
		};
		E5DC182D27905062006CBE58 /* SwiftTipsVC */ = {
			isa = PBXGroup;
			children = (
				E5DC182B2790505C006CBE58 /* SwiftTipsVC.swift */,
				E54B4A1B27912D48002D3F73 /* SwiftCompileVC.swift */,
			);
			path = SwiftTipsVC;
			sourceTree = "<group>";
		};
		E5FD84D128327E1F00A11315 /* CoreAnimation */ = {
			isa = PBXGroup;
			children = (
				E5FD84D328327E2F00A11315 /* CABasicAnimationVC.h */,
				E5FD84D228327E2F00A11315 /* CABasicAnimationVC.m */,
				E5FD84D528327E6000A11315 /* CAKeyframeAnimationVC.h */,
				E5FD84D628327E6000A11315 /* CAKeyframeAnimationVC.m */,
			);
			path = CoreAnimation;
			sourceTree = "<group>";
		};
		E5FD84D8283289B800A11315 /* OC */ = {
			isa = PBXGroup;
			children = (
				E5B29D30284127F9002CE829 /* TheadLock */,
				E5FD84D128327E1F00A11315 /* CoreAnimation */,
			);
			path = OC;
			sourceTree = "<group>";
		};
		F7587AF2630710672850323E /* Frameworks */ = {
			isa = PBXGroup;
			children = (
				A5A9D09FB9F085FC0974332C /* Pods_RX_Demo.framework */,
				76E77B7F41B447F0F23FB628 /* Pods_RX_DemoTests.framework */,
			);
			name = Frameworks;
			sourceTree = "<group>";
		};
/* End PBXGroup section */

/* Begin PBXNativeTarget section */
		0B0A33F1237E792200C1C7F3 /* RX_Demo */ = {
			isa = PBXNativeTarget;
			buildConfigurationList = 0B0A3406237E792300C1C7F3 /* Build configuration list for PBXNativeTarget "RX_Demo" */;
			buildPhases = (
				BBF8CAB6F3248D44C0E3AAB4 /* [CP] Check Pods Manifest.lock */,
				E5406106281BD6EE00751F3C /* ShellScript */,
				0B0A33EE237E792200C1C7F3 /* Sources */,
				0B0A33EF237E792200C1C7F3 /* Frameworks */,
				0B0A33F0237E792200C1C7F3 /* Resources */,
				0D7E883FD977876A8DA155D7 /* [CP] Embed Pods Frameworks */,
			);
			buildRules = (
			);
			dependencies = (
			);
			name = RX_Demo;
			productName = RX_Demo;
			productReference = 0B0A33F2237E792200C1C7F3 /* RX_Demo.app */;
			productType = "com.apple.product-type.application";
		};
		E54505D32796637F00F4A305 /* RX_DemoTests */ = {
			isa = PBXNativeTarget;
			buildConfigurationList = E54505DC2796637F00F4A305 /* Build configuration list for PBXNativeTarget "RX_DemoTests" */;
			buildPhases = (
				4FA41439E0ED305D3AD17961 /* [CP] Check Pods Manifest.lock */,
				E54505D02796637F00F4A305 /* Sources */,
				E54505D12796637F00F4A305 /* Frameworks */,
				E54505D22796637F00F4A305 /* Resources */,
				6CD3E4116537CA1AECFCBAD3 /* [CP] Embed Pods Frameworks */,
			);
			buildRules = (
			);
			dependencies = (
				E54505D92796637F00F4A305 /* PBXTargetDependency */,
			);
			name = RX_DemoTests;
			productName = RX_DemoTests;
			productReference = E54505D42796637F00F4A305 /* RX_DemoTests.xctest */;
			productType = "com.apple.product-type.bundle.unit-test";
		};
		E571D09F2794FDEB0002769B /* RX_DemoUITests */ = {
			isa = PBXNativeTarget;
			buildConfigurationList = E571D0AA2794FDEB0002769B /* Build configuration list for PBXNativeTarget "RX_DemoUITests" */;
			buildPhases = (
				E571D09C2794FDEB0002769B /* Sources */,
				E571D09D2794FDEB0002769B /* Frameworks */,
				E571D09E2794FDEB0002769B /* Resources */,
			);
			buildRules = (
			);
			dependencies = (
				E571D0A72794FDEB0002769B /* PBXTargetDependency */,
			);
			name = RX_DemoUITests;
			productName = RX_DemoUITests;
			productReference = E571D0A02794FDEB0002769B /* RX_DemoUITests.xctest */;
			productType = "com.apple.product-type.bundle.ui-testing";
		};
/* End PBXNativeTarget section */

/* Begin PBXProject section */
		0B0A33EA237E792200C1C7F3 /* Project object */ = {
			isa = PBXProject;
			attributes = {
				LastSwiftUpdateCheck = 1320;
				LastUpgradeCheck = 1120;
				ORGANIZATIONNAME = fst;
				TargetAttributes = {
					0B0A33F1237E792200C1C7F3 = {
						CreatedOnToolsVersion = 11.2;
						LastSwiftMigration = 1250;
					};
					E54505D32796637F00F4A305 = {
						CreatedOnToolsVersion = 13.2.1;
						TestTargetID = 0B0A33F1237E792200C1C7F3;
					};
					E571D09F2794FDEB0002769B = {
						CreatedOnToolsVersion = 13.2.1;
						TestTargetID = 0B0A33F1237E792200C1C7F3;
					};
				};
			};
			buildConfigurationList = 0B0A33ED237E792200C1C7F3 /* Build configuration list for PBXProject "RX_Demo" */;
			compatibilityVersion = "Xcode 9.3";
			developmentRegion = en;
			hasScannedForEncodings = 0;
			knownRegions = (
				en,
				Base,
			);
			mainGroup = 0B0A33E9237E792200C1C7F3;
			productRefGroup = 0B0A33F3237E792200C1C7F3 /* Products */;
			projectDirPath = "";
			projectRoot = "";
			targets = (
				0B0A33F1237E792200C1C7F3 /* RX_Demo */,
				E571D09F2794FDEB0002769B /* RX_DemoUITests */,
				E54505D32796637F00F4A305 /* RX_DemoTests */,
			);
		};
/* End PBXProject section */

/* Begin PBXResourcesBuildPhase section */
		0B0A33F0237E792200C1C7F3 /* Resources */ = {
			isa = PBXResourcesBuildPhase;
			buildActionMask = 2147483647;
			files = (
				E59B88F1281047CA007CAA51 /* SkeletonViewView.xib in Resources */,
				E5C75C2126A2AF880032F11E /* RxSwift6VC.xib in Resources */,
				0B0A3402237E792300C1C7F3 /* LaunchScreen.storyboard in Resources */,
				E565CFD026F6188A00ED6B2C /* RetryVC.xib in Resources */,
				0B0A33FF237E792300C1C7F3 /* Assets.xcassets in Resources */,
				0B0A33FD237E792200C1C7F3 /* Main.storyboard in Resources */,
			);
			runOnlyForDeploymentPostprocessing = 0;
		};
		E54505D22796637F00F4A305 /* Resources */ = {
			isa = PBXResourcesBuildPhase;
			buildActionMask = 2147483647;
			files = (
			);
			runOnlyForDeploymentPostprocessing = 0;
		};
		E571D09E2794FDEB0002769B /* Resources */ = {
			isa = PBXResourcesBuildPhase;
			buildActionMask = 2147483647;
			files = (
			);
			runOnlyForDeploymentPostprocessing = 0;
		};
/* End PBXResourcesBuildPhase section */

/* Begin PBXShellScriptBuildPhase section */
		0D7E883FD977876A8DA155D7 /* [CP] Embed Pods Frameworks */ = {
			isa = PBXShellScriptBuildPhase;
			buildActionMask = 2147483647;
			files = (
			);
			inputFileListPaths = (
				"${PODS_ROOT}/Target Support Files/Pods-RX_Demo/Pods-RX_Demo-frameworks-${CONFIGURATION}-input-files.xcfilelist",
			);
			name = "[CP] Embed Pods Frameworks";
			outputFileListPaths = (
				"${PODS_ROOT}/Target Support Files/Pods-RX_Demo/Pods-RX_Demo-frameworks-${CONFIGURATION}-output-files.xcfilelist",
			);
			runOnlyForDeploymentPostprocessing = 0;
			shellPath = /bin/sh;
			shellScript = "\"${PODS_ROOT}/Target Support Files/Pods-RX_Demo/Pods-RX_Demo-frameworks.sh\"\n";
			showEnvVarsInLog = 0;
		};
		4FA41439E0ED305D3AD17961 /* [CP] Check Pods Manifest.lock */ = {
			isa = PBXShellScriptBuildPhase;
			buildActionMask = 2147483647;
			files = (
			);
			inputFileListPaths = (
			);
			inputPaths = (
				"${PODS_PODFILE_DIR_PATH}/Podfile.lock",
				"${PODS_ROOT}/Manifest.lock",
			);
			name = "[CP] Check Pods Manifest.lock";
			outputFileListPaths = (
			);
			outputPaths = (
				"$(DERIVED_FILE_DIR)/Pods-RX_DemoTests-checkManifestLockResult.txt",
			);
			runOnlyForDeploymentPostprocessing = 0;
			shellPath = /bin/sh;
			shellScript = "diff \"${PODS_PODFILE_DIR_PATH}/Podfile.lock\" \"${PODS_ROOT}/Manifest.lock\" > /dev/null\nif [ $? != 0 ] ; then\n    # print error to STDERR\n    echo \"error: The sandbox is not in sync with the Podfile.lock. Run 'pod install' or update your CocoaPods installation.\" >&2\n    exit 1\nfi\n# This output is used by Xcode 'outputs' to avoid re-running this script phase.\necho \"SUCCESS\" > \"${SCRIPT_OUTPUT_FILE_0}\"\n";
			showEnvVarsInLog = 0;
		};
		6CD3E4116537CA1AECFCBAD3 /* [CP] Embed Pods Frameworks */ = {
			isa = PBXShellScriptBuildPhase;
			buildActionMask = 2147483647;
			files = (
			);
			inputFileListPaths = (
				"${PODS_ROOT}/Target Support Files/Pods-RX_DemoTests/Pods-RX_DemoTests-frameworks-${CONFIGURATION}-input-files.xcfilelist",
			);
			name = "[CP] Embed Pods Frameworks";
			outputFileListPaths = (
				"${PODS_ROOT}/Target Support Files/Pods-RX_DemoTests/Pods-RX_DemoTests-frameworks-${CONFIGURATION}-output-files.xcfilelist",
			);
			runOnlyForDeploymentPostprocessing = 0;
			shellPath = /bin/sh;
			shellScript = "\"${PODS_ROOT}/Target Support Files/Pods-RX_DemoTests/Pods-RX_DemoTests-frameworks.sh\"\n";
			showEnvVarsInLog = 0;
		};
		BBF8CAB6F3248D44C0E3AAB4 /* [CP] Check Pods Manifest.lock */ = {
			isa = PBXShellScriptBuildPhase;
			buildActionMask = 2147483647;
			files = (
			);
			inputFileListPaths = (
			);
			inputPaths = (
				"${PODS_PODFILE_DIR_PATH}/Podfile.lock",
				"${PODS_ROOT}/Manifest.lock",
			);
			name = "[CP] Check Pods Manifest.lock";
			outputFileListPaths = (
			);
			outputPaths = (
				"$(DERIVED_FILE_DIR)/Pods-RX_Demo-checkManifestLockResult.txt",
			);
			runOnlyForDeploymentPostprocessing = 0;
			shellPath = /bin/sh;
			shellScript = "diff \"${PODS_PODFILE_DIR_PATH}/Podfile.lock\" \"${PODS_ROOT}/Manifest.lock\" > /dev/null\nif [ $? != 0 ] ; then\n    # print error to STDERR\n    echo \"error: The sandbox is not in sync with the Podfile.lock. Run 'pod install' or update your CocoaPods installation.\" >&2\n    exit 1\nfi\n# This output is used by Xcode 'outputs' to avoid re-running this script phase.\necho \"SUCCESS\" > \"${SCRIPT_OUTPUT_FILE_0}\"\n";
			showEnvVarsInLog = 0;
		};
		E5406106281BD6EE00751F3C /* ShellScript */ = {
			isa = PBXShellScriptBuildPhase;
			buildActionMask = 2147483647;
			files = (
			);
			inputFileListPaths = (
			);
			inputPaths = (
			);
			outputFileListPaths = (
			);
			outputPaths = (
			);
			runOnlyForDeploymentPostprocessing = 0;
			shellPath = /bin/sh;
			shellScript = "# Type a script or drag a script file from your workspace to insert its path.\n$PODS_ROOT/Sourcery/bin/sourcery\n";
		};
/* End PBXShellScriptBuildPhase section */

/* Begin PBXSourcesBuildPhase section */
		0B0A33EE237E792200C1C7F3 /* Sources */ = {
			isa = PBXSourcesBuildPhase;
			buildActionMask = 2147483647;
			files = (
				E575FEFF26EF7B7B0074F460 /* ReactorCell.swift in Sources */,
				E5A9F0F126F0F359004FA7A4 /* DelegateProxyVC.swift in Sources */,
				E59B88EF281047B5007CAA51 /* SkeletonViewView.swift in Sources */,
				E5C75C2026A2AF880032F11E /* RxSwift6VC.swift in Sources */,
				E54B4A212791537A002D3F73 /* StartupCommandsBuilder.swift in Sources */,
				0B99AE5923A77EFD00B18546 /* SubjectsVC.swift in Sources */,
				E5B29D33284127F9002CE829 /* TheadLockVC.m in Sources */,
				0B2FC1D423B054A600BDF76E /* CollectionViewVC.swift in Sources */,
				E5A86B11281FFD1300885318 /* ChainWrapper.swift in Sources */,
				E565CFCF26F6188A00ED6B2C /* RetryVC.swift in Sources */,
				E5622F242783EFC900C2E781 /* Reactor_PulseVC.swift in Sources */,
				E59B88EC2810478C007CAA51 /* SkeletonViewVC.swift in Sources */,
				E5A9151A27FBF7FF00A50827 /* ResolverTestVC.swift in Sources */,
				E5700CDB28010A8E002A26E9 /* PersonSwinject.swift in Sources */,
				0B99AE5D23A8ADFD00B18546 /* TransformingVC.swift in Sources */,
				E5622F282783FFA000C2E781 /* KeyPathVC.swift in Sources */,
				E532B04A2813B50C004CE024 /* SecondVC.swift in Sources */,
				E5A31696280A6E5300EAEAC9 /* DeviceKitVC.swift in Sources */,
				E54505EB279666B700F4A305 /* Cod.swift in Sources */,
				0B39115423AC7F1D006DB334 /* ShareReplayVC.swift in Sources */,
				E5FCA4D5281CECFB007D31D1 /* CodableDemoVC.swift in Sources */,
				0B0A33FA237E792200C1C7F3 /* ViewController.swift in Sources */,
				E5406105281BD4D300751F3C /* CBPersonModel.swift in Sources */,
				E59F6D722823AD23008D0AFC /* blockVC.swift in Sources */,
				E5FD84D728327E6000A11315 /* CAKeyframeAnimationVC.m in Sources */,
				E539E68127C33EEE001C7071 /* Array+Ex.swift in Sources */,
				E57CD7BA28217E0100238072 /* ASButtonNode+Chain.swift in Sources */,
				0B0A33F6237E792200C1C7F3 /* AppDelegate.swift in Sources */,
				E575FEFD26EF797A0074F460 /* ReactorVC.swift in Sources */,
				E576669F26F843CD00571D7A /* TableViewOneSectionVC(简单基本使用).swift in Sources */,
				E54505E9279666A600F4A305 /* Mackerel.swift in Sources */,
				E5622F222783E24400C2E781 /* YogaTestVC.swift in Sources */,
				E54505ED279666C600F4A305 /* EventProtocol.swift in Sources */,
				E55D9BCD2786810D0037DA45 /* ScheduleVC.swift in Sources */,
				E54505E72796669700F4A305 /* Dolphin.swift in Sources */,
				E532B04C2813B631004CE024 /* SecondVC+CTMediator.swift in Sources */,
				E5DC182C2790505C006CBE58 /* SwiftTipsVC.swift in Sources */,
				E57666A226F8696900571D7A /* Reusable.swift in Sources */,
				E5C75C8226A2FD500032F11E /* RootVC.swift in Sources */,
				E5C39131280B00710070D63C /* SwiftDateVC.swift in Sources */,
				E54505E12796665E00F4A305 /* Offer.swift in Sources */,
				E532B0482813B3EE004CE024 /* CTMediatorHomeVC.swift in Sources */,
				E5622F262783FA2900C2E781 /* DynamicMemberLookupVC.swift in Sources */,
				E576669D26F81C9E00571D7A /* RootReactor.swift in Sources */,
				0B2FC1D623B0A5BF00BDF76E /* TableViewVC(自带的SectionModel).swift in Sources */,
				E532B0432813AEA5004CE024 /* RxUIVIewController.swift in Sources */,
				E54B4A1C27912D48002D3F73 /* SwiftCompileVC.swift in Sources */,
				E57666A426F8810300571D7A /* Observable+Ex.swift in Sources */,
				E54505DF2796664800F4A305 /* Banana.swift in Sources */,
				E54505E52796668500F4A305 /* SilliestMonkey.swift in Sources */,
				E532B0452813AEF1004CE024 /* RxThen.swift in Sources */,
				E569018728003CB200311AC1 /* DIContainer.swift in Sources */,
				E54B4A1F2791534D002D3F73 /* AppDelegateCommand.swift in Sources */,
				E575FF0126EF7BA70074F460 /* MainReactor.swift in Sources */,
				0B99AE5F23A8C26D00B18546 /* DriverVC.swift in Sources */,
				E5A9F0F526F0F5B4004FA7A4 /* MyClass.swift in Sources */,
				E5FD84D428327E2F00A11315 /* CABasicAnimationVC.m in Sources */,
				E57CD7B928217E0100238072 /* ASDisplayNode+Chain.swift in Sources */,
				0B99AE5B23A8863500B18546 /* KVOVC.swift in Sources */,
				E5A9F0F726F0F5D7004FA7A4 /* MyClass+Rx.swift in Sources */,
				E5A9F0F326F0F3EE004FA7A4 /* RxMyDelegateProxy.swift in Sources */,
				E54505E32796666F00F4A305 /* Monkey.swift in Sources */,
			);
			runOnlyForDeploymentPostprocessing = 0;
		};
		E54505D02796637F00F4A305 /* Sources */ = {
			isa = PBXSourcesBuildPhase;
			buildActionMask = 2147483647;
			files = (
				E54505F127966E3B00F4A305 /* BananaTests.swift in Sources */,
				E54505F5279689AF00F4A305 /* DolphinSpec.swift in Sources */,
				E54505F72796A31100F4A305 /* EdibleSharedExamplesConfigurationSpec.swift in Sources */,
				E54505F92796B70600F4A305 /* Asynchronous.swift in Sources */,
				E56813FF2800885200C5D4FF /* DITestSpec.swift in Sources */,
				E54505F327966F4100F4A305 /* SilliestMonkeyTests.swift in Sources */,
			);
			runOnlyForDeploymentPostprocessing = 0;
		};
		E571D09C2794FDEB0002769B /* Sources */ = {
			isa = PBXSourcesBuildPhase;
			buildActionMask = 2147483647;
			files = (
				E571D0A32794FDEB0002769B /* RX_DemoUITests.swift in Sources */,
				E571D0A52794FDEB0002769B /* RX_DemoUITestsLaunchTests.swift in Sources */,
			);
			runOnlyForDeploymentPostprocessing = 0;
		};
/* End PBXSourcesBuildPhase section */

/* Begin PBXTargetDependency section */
		E54505D92796637F00F4A305 /* PBXTargetDependency */ = {
			isa = PBXTargetDependency;
			target = 0B0A33F1237E792200C1C7F3 /* RX_Demo */;
			targetProxy = E54505D82796637F00F4A305 /* PBXContainerItemProxy */;
		};
		E571D0A72794FDEB0002769B /* PBXTargetDependency */ = {
			isa = PBXTargetDependency;
			target = 0B0A33F1237E792200C1C7F3 /* RX_Demo */;
			targetProxy = E571D0A62794FDEB0002769B /* PBXContainerItemProxy */;
		};
/* End PBXTargetDependency section */

/* Begin PBXVariantGroup section */
		0B0A33FB237E792200C1C7F3 /* Main.storyboard */ = {
			isa = PBXVariantGroup;
			children = (
				0B0A33FC237E792200C1C7F3 /* Base */,
			);
			name = Main.storyboard;
			sourceTree = "<group>";
		};
		0B0A3400237E792300C1C7F3 /* LaunchScreen.storyboard */ = {
			isa = PBXVariantGroup;
			children = (
				0B0A3401237E792300C1C7F3 /* Base */,
			);
			name = LaunchScreen.storyboard;
			sourceTree = "<group>";
		};
/* End PBXVariantGroup section */

/* Begin XCBuildConfiguration section */
		0B0A3404237E792300C1C7F3 /* Debug */ = {
			isa = XCBuildConfiguration;
			buildSettings = {
				ALWAYS_SEARCH_USER_PATHS = NO;
				CLANG_ANALYZER_NONNULL = YES;
				CLANG_ANALYZER_NUMBER_OBJECT_CONVERSION = YES_AGGRESSIVE;
				CLANG_CXX_LANGUAGE_STANDARD = "gnu++14";
				CLANG_CXX_LIBRARY = "libc++";
				CLANG_ENABLE_MODULES = YES;
				CLANG_ENABLE_OBJC_ARC = YES;
				CLANG_ENABLE_OBJC_WEAK = YES;
				CLANG_WARN_BLOCK_CAPTURE_AUTORELEASING = YES;
				CLANG_WARN_BOOL_CONVERSION = YES;
				CLANG_WARN_COMMA = YES;
				CLANG_WARN_CONSTANT_CONVERSION = YES;
				CLANG_WARN_DEPRECATED_OBJC_IMPLEMENTATIONS = YES;
				CLANG_WARN_DIRECT_OBJC_ISA_USAGE = YES_ERROR;
				CLANG_WARN_DOCUMENTATION_COMMENTS = YES;
				CLANG_WARN_EMPTY_BODY = YES;
				CLANG_WARN_ENUM_CONVERSION = YES;
				CLANG_WARN_INFINITE_RECURSION = YES;
				CLANG_WARN_INT_CONVERSION = YES;
				CLANG_WARN_NON_LITERAL_NULL_CONVERSION = YES;
				CLANG_WARN_OBJC_IMPLICIT_RETAIN_SELF = YES;
				CLANG_WARN_OBJC_LITERAL_CONVERSION = YES;
				CLANG_WARN_OBJC_ROOT_CLASS = YES_ERROR;
				CLANG_WARN_RANGE_LOOP_ANALYSIS = YES;
				CLANG_WARN_STRICT_PROTOTYPES = YES;
				CLANG_WARN_SUSPICIOUS_MOVE = YES;
				CLANG_WARN_UNGUARDED_AVAILABILITY = YES_AGGRESSIVE;
				CLANG_WARN_UNREACHABLE_CODE = YES;
				CLANG_WARN__DUPLICATE_METHOD_MATCH = YES;
				COPY_PHASE_STRIP = NO;
				DEBUG_INFORMATION_FORMAT = dwarf;
				ENABLE_STRICT_OBJC_MSGSEND = YES;
				ENABLE_TESTABILITY = YES;
				GCC_C_LANGUAGE_STANDARD = gnu11;
				GCC_DYNAMIC_NO_PIC = NO;
				GCC_NO_COMMON_BLOCKS = YES;
				GCC_OPTIMIZATION_LEVEL = 0;
				GCC_PREPROCESSOR_DEFINITIONS = (
					"DEBUG=1",
					"$(inherited)",
				);
				GCC_WARN_64_TO_32_BIT_CONVERSION = YES;
				GCC_WARN_ABOUT_RETURN_TYPE = YES_ERROR;
				GCC_WARN_UNDECLARED_SELECTOR = YES;
				GCC_WARN_UNINITIALIZED_AUTOS = YES_AGGRESSIVE;
				GCC_WARN_UNUSED_FUNCTION = YES;
				GCC_WARN_UNUSED_VARIABLE = YES;
				IPHONEOS_DEPLOYMENT_TARGET = 13.2;
				MTL_ENABLE_DEBUG_INFO = INCLUDE_SOURCE;
				MTL_FAST_MATH = YES;
				ONLY_ACTIVE_ARCH = YES;
				SDKROOT = iphoneos;
				SWIFT_ACTIVE_COMPILATION_CONDITIONS = DEBUG;
				SWIFT_OPTIMIZATION_LEVEL = "-Onone";
			};
			name = Debug;
		};
		0B0A3405237E792300C1C7F3 /* Release */ = {
			isa = XCBuildConfiguration;
			buildSettings = {
				ALWAYS_SEARCH_USER_PATHS = NO;
				CLANG_ANALYZER_NONNULL = YES;
				CLANG_ANALYZER_NUMBER_OBJECT_CONVERSION = YES_AGGRESSIVE;
				CLANG_CXX_LANGUAGE_STANDARD = "gnu++14";
				CLANG_CXX_LIBRARY = "libc++";
				CLANG_ENABLE_MODULES = YES;
				CLANG_ENABLE_OBJC_ARC = YES;
				CLANG_ENABLE_OBJC_WEAK = YES;
				CLANG_WARN_BLOCK_CAPTURE_AUTORELEASING = YES;
				CLANG_WARN_BOOL_CONVERSION = YES;
				CLANG_WARN_COMMA = YES;
				CLANG_WARN_CONSTANT_CONVERSION = YES;
				CLANG_WARN_DEPRECATED_OBJC_IMPLEMENTATIONS = YES;
				CLANG_WARN_DIRECT_OBJC_ISA_USAGE = YES_ERROR;
				CLANG_WARN_DOCUMENTATION_COMMENTS = YES;
				CLANG_WARN_EMPTY_BODY = YES;
				CLANG_WARN_ENUM_CONVERSION = YES;
				CLANG_WARN_INFINITE_RECURSION = YES;
				CLANG_WARN_INT_CONVERSION = YES;
				CLANG_WARN_NON_LITERAL_NULL_CONVERSION = YES;
				CLANG_WARN_OBJC_IMPLICIT_RETAIN_SELF = YES;
				CLANG_WARN_OBJC_LITERAL_CONVERSION = YES;
				CLANG_WARN_OBJC_ROOT_CLASS = YES_ERROR;
				CLANG_WARN_RANGE_LOOP_ANALYSIS = YES;
				CLANG_WARN_STRICT_PROTOTYPES = YES;
				CLANG_WARN_SUSPICIOUS_MOVE = YES;
				CLANG_WARN_UNGUARDED_AVAILABILITY = YES_AGGRESSIVE;
				CLANG_WARN_UNREACHABLE_CODE = YES;
				CLANG_WARN__DUPLICATE_METHOD_MATCH = YES;
				COPY_PHASE_STRIP = NO;
				DEBUG_INFORMATION_FORMAT = "dwarf-with-dsym";
				ENABLE_NS_ASSERTIONS = NO;
				ENABLE_STRICT_OBJC_MSGSEND = YES;
				GCC_C_LANGUAGE_STANDARD = gnu11;
				GCC_NO_COMMON_BLOCKS = YES;
				GCC_WARN_64_TO_32_BIT_CONVERSION = YES;
				GCC_WARN_ABOUT_RETURN_TYPE = YES_ERROR;
				GCC_WARN_UNDECLARED_SELECTOR = YES;
				GCC_WARN_UNINITIALIZED_AUTOS = YES_AGGRESSIVE;
				GCC_WARN_UNUSED_FUNCTION = YES;
				GCC_WARN_UNUSED_VARIABLE = YES;
				IPHONEOS_DEPLOYMENT_TARGET = 13.2;
				MTL_ENABLE_DEBUG_INFO = NO;
				MTL_FAST_MATH = YES;
				SDKROOT = iphoneos;
				SWIFT_COMPILATION_MODE = wholemodule;
				SWIFT_OPTIMIZATION_LEVEL = "-O";
				VALIDATE_PRODUCT = YES;
			};
			name = Release;
		};
		0B0A3407237E792300C1C7F3 /* Debug */ = {
			isa = XCBuildConfiguration;
			baseConfigurationReference = 9AAD806AC6B34BB6BC652321 /* Pods-RX_Demo.debug.xcconfig */;
			buildSettings = {
				ASSETCATALOG_COMPILER_APPICON_NAME = AppIcon;
				CLANG_ENABLE_MODULES = YES;
				CODE_SIGN_STYLE = Automatic;
				DEVELOPMENT_TEAM = WX972HMPDB;
				INFOPLIST_FILE = RX_Demo/Info.plist;
				LD_RUNPATH_SEARCH_PATHS = (
					"$(inherited)",
					"@executable_path/Frameworks",
				);
				PRODUCT_BUNDLE_IDENTIFIER = "weicb.RX-Demo";
				PRODUCT_NAME = "$(TARGET_NAME)";
				SWIFT_OBJC_BRIDGING_HEADER = "RX_Demo/RX_Demo-Bridging-Header.h";
				SWIFT_OPTIMIZATION_LEVEL = "-Onone";
				SWIFT_VERSION = 5.0;
				TARGETED_DEVICE_FAMILY = "1,2";
			};
			name = Debug;
		};
		0B0A3408237E792300C1C7F3 /* Release */ = {
			isa = XCBuildConfiguration;
			baseConfigurationReference = EC0142A58305E67AD9AC244A /* Pods-RX_Demo.release.xcconfig */;
			buildSettings = {
				ASSETCATALOG_COMPILER_APPICON_NAME = AppIcon;
				CLANG_ENABLE_MODULES = YES;
				CODE_SIGN_STYLE = Automatic;
				DEVELOPMENT_TEAM = WX972HMPDB;
				INFOPLIST_FILE = RX_Demo/Info.plist;
				LD_RUNPATH_SEARCH_PATHS = (
					"$(inherited)",
					"@executable_path/Frameworks",
				);
				PRODUCT_BUNDLE_IDENTIFIER = "weicb.RX-Demo";
				PRODUCT_NAME = "$(TARGET_NAME)";
				SWIFT_OBJC_BRIDGING_HEADER = "RX_Demo/RX_Demo-Bridging-Header.h";
				SWIFT_VERSION = 5.0;
				TARGETED_DEVICE_FAMILY = "1,2";
			};
			name = Release;
		};
		E54505DA2796637F00F4A305 /* Debug */ = {
			isa = XCBuildConfiguration;
			baseConfigurationReference = A4D8B5CBFDBF85357DA46968 /* Pods-RX_DemoTests.debug.xcconfig */;
			buildSettings = {
				BUNDLE_LOADER = "$(TEST_HOST)";
				CLANG_CXX_LANGUAGE_STANDARD = "gnu++17";
				CLANG_WARN_QUOTED_INCLUDE_IN_FRAMEWORK_HEADER = YES;
				CODE_SIGN_STYLE = Automatic;
				CURRENT_PROJECT_VERSION = 1;
				DEFINES_MODULE = NO;
				DEVELOPMENT_TEAM = X78BX3WNP2;
				GENERATE_INFOPLIST_FILE = YES;
				IPHONEOS_DEPLOYMENT_TARGET = 13.2;
				MARKETING_VERSION = 1.0;
				PRODUCT_BUNDLE_IDENTIFIER = "bd.RX-DemoTests";
				PRODUCT_NAME = "$(TARGET_NAME)";
				SWIFT_EMIT_LOC_STRINGS = NO;
				SWIFT_VERSION = 5.0;
				TARGETED_DEVICE_FAMILY = "1,2";
				TEST_HOST = "$(BUILT_PRODUCTS_DIR)/RX_Demo.app/RX_Demo";
			};
			name = Debug;
		};
		E54505DB2796637F00F4A305 /* Release */ = {
			isa = XCBuildConfiguration;
			baseConfigurationReference = F2D9C6CE45F6B0632CAFEDC5 /* Pods-RX_DemoTests.release.xcconfig */;
			buildSettings = {
				BUNDLE_LOADER = "$(TEST_HOST)";
				CLANG_CXX_LANGUAGE_STANDARD = "gnu++17";
				CLANG_WARN_QUOTED_INCLUDE_IN_FRAMEWORK_HEADER = YES;
				CODE_SIGN_STYLE = Automatic;
				CURRENT_PROJECT_VERSION = 1;
				DEFINES_MODULE = NO;
				DEVELOPMENT_TEAM = X78BX3WNP2;
				GENERATE_INFOPLIST_FILE = YES;
				IPHONEOS_DEPLOYMENT_TARGET = 13.2;
				MARKETING_VERSION = 1.0;
				PRODUCT_BUNDLE_IDENTIFIER = "bd.RX-DemoTests";
				PRODUCT_NAME = "$(TARGET_NAME)";
				SWIFT_EMIT_LOC_STRINGS = NO;
				SWIFT_VERSION = 5.0;
				TARGETED_DEVICE_FAMILY = "1,2";
				TEST_HOST = "$(BUILT_PRODUCTS_DIR)/RX_Demo.app/RX_Demo";
			};
			name = Release;
		};
		E571D0A82794FDEB0002769B /* Debug */ = {
			isa = XCBuildConfiguration;
			buildSettings = {
				CLANG_CXX_LANGUAGE_STANDARD = "gnu++17";
				CLANG_WARN_QUOTED_INCLUDE_IN_FRAMEWORK_HEADER = YES;
				CODE_SIGN_STYLE = Automatic;
				CURRENT_PROJECT_VERSION = 1;
				DEVELOPMENT_TEAM = X78BX3WNP2;
				GENERATE_INFOPLIST_FILE = YES;
				IPHONEOS_DEPLOYMENT_TARGET = 13.2;
				MARKETING_VERSION = 1.0;
				PRODUCT_BUNDLE_IDENTIFIER = "bd.RX-DemoUITests";
				PRODUCT_NAME = "$(TARGET_NAME)";
				SWIFT_EMIT_LOC_STRINGS = NO;
				SWIFT_VERSION = 5.0;
				TARGETED_DEVICE_FAMILY = "1,2";
				TEST_TARGET_NAME = RX_Demo;
			};
			name = Debug;
		};
		E571D0A92794FDEB0002769B /* Release */ = {
			isa = XCBuildConfiguration;
			buildSettings = {
				CLANG_CXX_LANGUAGE_STANDARD = "gnu++17";
				CLANG_WARN_QUOTED_INCLUDE_IN_FRAMEWORK_HEADER = YES;
				CODE_SIGN_STYLE = Automatic;
				CURRENT_PROJECT_VERSION = 1;
				DEVELOPMENT_TEAM = X78BX3WNP2;
				GENERATE_INFOPLIST_FILE = YES;
				IPHONEOS_DEPLOYMENT_TARGET = 13.2;
				MARKETING_VERSION = 1.0;
				PRODUCT_BUNDLE_IDENTIFIER = "bd.RX-DemoUITests";
				PRODUCT_NAME = "$(TARGET_NAME)";
				SWIFT_EMIT_LOC_STRINGS = NO;
				SWIFT_VERSION = 5.0;
				TARGETED_DEVICE_FAMILY = "1,2";
				TEST_TARGET_NAME = RX_Demo;
			};
			name = Release;
		};
/* End XCBuildConfiguration section */

/* Begin XCConfigurationList section */
		0B0A33ED237E792200C1C7F3 /* Build configuration list for PBXProject "RX_Demo" */ = {
			isa = XCConfigurationList;
			buildConfigurations = (
				0B0A3404237E792300C1C7F3 /* Debug */,
				0B0A3405237E792300C1C7F3 /* Release */,
			);
			defaultConfigurationIsVisible = 0;
			defaultConfigurationName = Release;
		};
		0B0A3406237E792300C1C7F3 /* Build configuration list for PBXNativeTarget "RX_Demo" */ = {
			isa = XCConfigurationList;
			buildConfigurations = (
				0B0A3407237E792300C1C7F3 /* Debug */,
				0B0A3408237E792300C1C7F3 /* Release */,
			);
			defaultConfigurationIsVisible = 0;
			defaultConfigurationName = Release;
		};
		E54505DC2796637F00F4A305 /* Build configuration list for PBXNativeTarget "RX_DemoTests" */ = {
			isa = XCConfigurationList;
			buildConfigurations = (
				E54505DA2796637F00F4A305 /* Debug */,
				E54505DB2796637F00F4A305 /* Release */,
			);
			defaultConfigurationIsVisible = 0;
			defaultConfigurationName = Release;
		};
		E571D0AA2794FDEB0002769B /* Build configuration list for PBXNativeTarget "RX_DemoUITests" */ = {
			isa = XCConfigurationList;
			buildConfigurations = (
				E571D0A82794FDEB0002769B /* Debug */,
				E571D0A92794FDEB0002769B /* Release */,
			);
			defaultConfigurationIsVisible = 0;
			defaultConfigurationName = Release;
		};
/* End XCConfigurationList section */
	};
	rootObject = 0B0A33EA237E792200C1C7F3 /* Project object */;
}
